// !$*UTF8*$!
{
	archiveVersion = 1;
	classes = {
	};
	objectVersion = 46;
	objects = {

/* Begin PBXBuildFile section */
		0A5F8A711DB6527D00285094 /* CKRecordTestCase.swift in Sources */ = {isa = PBXBuildFile; fileRef = 0A5F8A701DB6527D00285094 /* CKRecordTestCase.swift */; };
		0A6793351D8315720098D1E7 /* MeasurementTestCase.swift in Sources */ = {isa = PBXBuildFile; fileRef = 0A6793341D8315720098D1E7 /* MeasurementTestCase.swift */; };
		0A72FC311D4081580041845B /* HemiprocneMystaceaTV.h in Headers */ = {isa = PBXBuildFile; fileRef = 0A72FC231D4081580041845B /* HemiprocneMystaceaTV.h */; settings = {ATTRIBUTES = (Public, ); }; };
		0A72FC381D40819D0041845B /* HemiprocneMystacea.h in Headers */ = {isa = PBXBuildFile; fileRef = 49CBDFF41C3329EF00E8EFCC /* HemiprocneMystacea.h */; };
		0A72FC391D40819D0041845B /* CKDatabase.swift in Sources */ = {isa = PBXBuildFile; fileRef = 49A36BD91D407C6200A4BFEB /* CKDatabase.swift */; };
		0A72FC3A1D40819D0041845B /* CKRecord.swift in Sources */ = {isa = PBXBuildFile; fileRef = 49A36BDE1D407CD200A4BFEB /* CKRecord.swift */; };
		0A72FC3B1D40819D0041845B /* InitializableWithCloudKitRecord.swift in Sources */ = {isa = PBXBuildFile; fileRef = 49A36BDC1D407CA200A4BFEB /* InitializableWithCloudKitRecord.swift */; };
		0A72FC401D40819D0041845B /* CGRect.swift in Sources */ = {isa = PBXBuildFile; fileRef = E348A42F1D08C085003D8024 /* CGRect.swift */; };
		0A72FC411D40819D0041845B /* CGSize.swift in Sources */ = {isa = PBXBuildFile; fileRef = E348A4321D08C0DE003D8024 /* CGSize.swift */; };
		0A72FC421D40819D0041845B /* FileInfo.swift in Sources */ = {isa = PBXBuildFile; fileRef = 49CBE07A1C332ADE00E8EFCC /* FileInfo.swift */; };
		0A72FC431D40819D0041845B /* UserDefaults+Setting.swift in Sources */ = {isa = PBXBuildFile; fileRef = 49CBE07E1C332ADE00E8EFCC /* UserDefaults+Setting.swift */; };
		0A72FC441D40819D0041845B /* JSON.swift in Sources */ = {isa = PBXBuildFile; fileRef = E3BE34031D0B2688008D532C /* JSON.swift */; };
		0A72FC451D40819D0041845B /* ConvertibleToSerializableDictionary.swift in Sources */ = {isa = PBXBuildFile; fileRef = 498F6CC51D3EBA20006534BF /* ConvertibleToSerializableDictionary.swift */; };
		0A72FC461D40819D0041845B /* CABasicAnimation.swift in Sources */ = {isa = PBXBuildFile; fileRef = 49FD14F01CD91A940067F27E /* CABasicAnimation.swift */; };
		0A72FC471D40819D0041845B /* CABasicAnimation.Values.swift in Sources */ = {isa = PBXBuildFile; fileRef = 49FD14F31CD91C070067F27E /* CABasicAnimation.Values.swift */; };
		0A72FC481D40819D0041845B /* integers.swift in Sources */ = {isa = PBXBuildFile; fileRef = 49B182D51C33807000529B08 /* integers.swift */; };
		0A72FC491D40819D0041845B /* Array.swift in Sources */ = {isa = PBXBuildFile; fileRef = 49B182D11C33807000529B08 /* Array.swift */; };
		0A72FC4A1D40819D0041845B /* Bool.swift in Sources */ = {isa = PBXBuildFile; fileRef = 49B182D21C33807000529B08 /* Bool.swift */; };
		0A72FC4B1D40819D0041845B /* Dictionary.swift in Sources */ = {isa = PBXBuildFile; fileRef = 49B182D31C33807000529B08 /* Dictionary.swift */; };
		0A72FC4C1D40819D0041845B /* Equatable.swift in Sources */ = {isa = PBXBuildFile; fileRef = 49B182D41C33807000529B08 /* Equatable.swift */; };
		0A72FC4D1D40819D0041845B /* OptionSetType.swift in Sources */ = {isa = PBXBuildFile; fileRef = 49B182D61C33807000529B08 /* OptionSetType.swift */; };
		0A72FC4E1D40819D0041845B /* Optional.swift in Sources */ = {isa = PBXBuildFile; fileRef = E348A4341D08C146003D8024 /* Optional.swift */; };
		0A72FC4F1D40819D0041845B /* Sequence.swift in Sources */ = {isa = PBXBuildFile; fileRef = 49B182D71C33807000529B08 /* Sequence.swift */; };
		0A72FC501D40819D0041845B /* SetAlgebra.swift in Sources */ = {isa = PBXBuildFile; fileRef = 49B182D91C33807000529B08 /* SetAlgebra.swift */; };
		0A72FC511D40819D0041845B /* String.swift in Sources */ = {isa = PBXBuildFile; fileRef = 49B182DA1C33807000529B08 /* String.swift */; };
		0A72FC521D40819D0041845B /* operators.swift in Sources */ = {isa = PBXBuildFile; fileRef = 49CBE08F1C332ADE00E8EFCC /* operators.swift */; };
		0A72FC531D40819D0041845B /* ….swift in Sources */ = {isa = PBXBuildFile; fileRef = 49CBE0911C332ADE00E8EFCC /* ….swift */; };
		0A72FC561D40819D0041845B /* Property.swift in Sources */ = {isa = PBXBuildFile; fileRef = E3A83B3A1D099C7B000D7B08 /* Property.swift */; };
		0A72FC571D40819D0041845B /* ComputedProperty.swift in Sources */ = {isa = PBXBuildFile; fileRef = 49C434391C35DCF900B6C530 /* ComputedProperty.swift */; };
		0A72FC581D40819D0041845B /* ObservedProperty.swift in Sources */ = {isa = PBXBuildFile; fileRef = E348A4381D08CB03003D8024 /* ObservedProperty.swift */; };
		0A72FC591D40819D0041845B /* errors.swift in Sources */ = {isa = PBXBuildFile; fileRef = 49817E5F1D2CA99A0025A6CA /* errors.swift */; };
		0A72FC5A1D40819D0041845B /* getMethod.swift in Sources */ = {isa = PBXBuildFile; fileRef = E348A4361D08C1B0003D8024 /* getMethod.swift */; };
		0A72FC5B1D40819D0041845B /* nil closures.swift in Sources */ = {isa = PBXBuildFile; fileRef = 49CBE08D1C332ADE00E8EFCC /* nil closures.swift */; };
		0A72FC5D1D40819D0041845B /* weakClosure.swift in Sources */ = {isa = PBXBuildFile; fileRef = E3BE340A1D0EF2A0008D532C /* weakClosure.swift */; };
		0A72FC5E1D40819D0041845B /* BitShiftable.swift in Sources */ = {isa = PBXBuildFile; fileRef = 49CBE0811C332ADE00E8EFCC /* BitShiftable.swift */; };
		0A72FC5F1D40819D0041845B /* EquatableClass.swift in Sources */ = {isa = PBXBuildFile; fileRef = 49CBE0871C332ADE00E8EFCC /* EquatableClass.swift */; };
		0A72FC601D40819D0041845B /* HashableClass.swift in Sources */ = {isa = PBXBuildFile; fileRef = 49CBE0881C332ADE00E8EFCC /* HashableClass.swift */; };
		0A72FC611D40819D0041845B /* InitializableWithParameters.swift in Sources */ = {isa = PBXBuildFile; fileRef = 49BF898F1C38C8FD0050A49B /* InitializableWithParameters.swift */; };
		0A72FC621D40819D0041845B /* MultiClosure.swift in Sources */ = {isa = PBXBuildFile; fileRef = 49CBE08C1C332ADE00E8EFCC /* MultiClosure.swift */; };
		0A72FC631D40819D0041845B /* Referencers.swift in Sources */ = {isa = PBXBuildFile; fileRef = 49CBE0941C332ADE00E8EFCC /* Referencers.swift */; };
		0A72FC641D40819D0041845B /* reusableCells.swift in Sources */ = {isa = PBXBuildFile; fileRef = 49CBE09E1C332ADE00E8EFCC /* reusableCells.swift */; };
		0A72FC651D40819D0041845B /* UIAlertAction.swift in Sources */ = {isa = PBXBuildFile; fileRef = 49DBA1E21CD940BF0058181A /* UIAlertAction.swift */; };
		0A72FC661D40819D0041845B /* UIAlertController.swift in Sources */ = {isa = PBXBuildFile; fileRef = 49CBE09C1C332ADE00E8EFCC /* UIAlertController.swift */; };
		0A72FC671D40819D0041845B /* UIButton.swift in Sources */ = {isa = PBXBuildFile; fileRef = 49CBE09D1C332ADE00E8EFCC /* UIButton.swift */; };
		0A72FC681D40819D0041845B /* UILabel.swift in Sources */ = {isa = PBXBuildFile; fileRef = 49CBE0A01C332ADE00E8EFCC /* UILabel.swift */; };
		0A72FC6A1D40819D0041845B /* UIPageViewControllerDataSourceWithConnections.swift in Sources */ = {isa = PBXBuildFile; fileRef = 49CBE0A21C332ADE00E8EFCC /* UIPageViewControllerDataSourceWithConnections.swift */; };
		0A72FC6B1D40819D0041845B /* UIViewController.swift in Sources */ = {isa = PBXBuildFile; fileRef = 49CBE0A51C332ADE00E8EFCC /* UIViewController.swift */; };
		0A72FC6C1D40819D0041845B /* UIBarButtonItem.swift in Sources */ = {isa = PBXBuildFile; fileRef = 491278671CDD2EDC00AAFE7C /* UIBarButtonItem.swift */; };
		0A8DEF851C48993B00DF1CF7 /* SequenceTestCase.swift in Sources */ = {isa = PBXBuildFile; fileRef = 0A8DEF841C48993B00DF1CF7 /* SequenceTestCase.swift */; };
		491278681CDD2EDC00AAFE7C /* UIBarButtonItem.swift in Sources */ = {isa = PBXBuildFile; fileRef = 491278671CDD2EDC00AAFE7C /* UIBarButtonItem.swift */; };
		492404E51E39D438005BD973 /* CloudKitBackReferencer.swift in Sources */ = {isa = PBXBuildFile; fileRef = 492404E41E39D438005BD973 /* CloudKitBackReferencer.swift */; };
		492404E61E39D438005BD973 /* CloudKitBackReferencer.swift in Sources */ = {isa = PBXBuildFile; fileRef = 492404E41E39D438005BD973 /* CloudKitBackReferencer.swift */; };
		492404E81E39F0E9005BD973 /* CloudKitBackReferenced.swift in Sources */ = {isa = PBXBuildFile; fileRef = 492404E71E39F0E9005BD973 /* CloudKitBackReferenced.swift */; };
		492404E91E39F0E9005BD973 /* CloudKitBackReferenced.swift in Sources */ = {isa = PBXBuildFile; fileRef = 492404E71E39F0E9005BD973 /* CloudKitBackReferenced.swift */; };
		4926349F1D877E2D00AD131D /* UIApplicationDelegate.swift in Sources */ = {isa = PBXBuildFile; fileRef = 4926349E1D877E2D00AD131D /* UIApplicationDelegate.swift */; };
		492634A01D877E2D00AD131D /* UIApplicationDelegate.swift in Sources */ = {isa = PBXBuildFile; fileRef = 4926349E1D877E2D00AD131D /* UIApplicationDelegate.swift */; };
		49269BCC1D58EE41007C52AE /* CKAsset.swift in Sources */ = {isa = PBXBuildFile; fileRef = 498880841D58BFB400AE24FC /* CKAsset.swift */; };
		494A99381E37253400F6A51D /* UICollectionView.swift in Sources */ = {isa = PBXBuildFile; fileRef = 494A99371E37253400F6A51D /* UICollectionView.swift */; };
		494A99391E37253400F6A51D /* UICollectionView.swift in Sources */ = {isa = PBXBuildFile; fileRef = 494A99371E37253400F6A51D /* UICollectionView.swift */; };
		494A993B1E37261800F6A51D /* UITableView.swift in Sources */ = {isa = PBXBuildFile; fileRef = 494A993A1E37261800F6A51D /* UITableView.swift */; };
		494A993C1E37261800F6A51D /* UITableView.swift in Sources */ = {isa = PBXBuildFile; fileRef = 494A993A1E37261800F6A51D /* UITableView.swift */; };
		496563B81DB65C31002B7623 /* keyValueSubscript.swift in Sources */ = {isa = PBXBuildFile; fileRef = 496563B71DB65C31002B7623 /* keyValueSubscript.swift */; };
		496563B91DB65C31002B7623 /* keyValueSubscript.swift in Sources */ = {isa = PBXBuildFile; fileRef = 496563B71DB65C31002B7623 /* keyValueSubscript.swift */; };
		4966E4CF1E3C5AA300199496 /* CGPointTestCase.swift in Sources */ = {isa = PBXBuildFile; fileRef = 4966E4CE1E3C5AA300199496 /* CGPointTestCase.swift */; };
		4966E4D11E3C5C0700199496 /* CALayerTestCase.swift in Sources */ = {isa = PBXBuildFile; fileRef = 4966E4D01E3C5C0700199496 /* CALayerTestCase.swift */; };
		4969F44B1E0E3D1C0005A4FA /* IndexPath.swift in Sources */ = {isa = PBXBuildFile; fileRef = 4969F44A1E0E3D1C0005A4FA /* IndexPath.swift */; };
		4969F44C1E0E3D1C0005A4FA /* IndexPath.swift in Sources */ = {isa = PBXBuildFile; fileRef = 4969F44A1E0E3D1C0005A4FA /* IndexPath.swift */; };
		4969F44E1E0E40D40005A4FA /* IndexPathTestCase.swift in Sources */ = {isa = PBXBuildFile; fileRef = 4969F44D1E0E40D40005A4FA /* IndexPathTestCase.swift */; };
		4969F4501E0E4CCE0005A4FA /* NamedSubscriptTestCase.swift in Sources */ = {isa = PBXBuildFile; fileRef = 4969F44F1E0E4CCE0005A4FA /* NamedSubscriptTestCase.swift */; };
		496BFBBE1C3A37A6006E6CC4 /* EquatableTestCase.swift in Sources */ = {isa = PBXBuildFile; fileRef = 496BFBBD1C3A37A6006E6CC4 /* EquatableTestCase.swift */; };
		497190C91DDA3EA1009FD361 /* UIPageViewControllerDataSourceWithConnectedViewControllersTestCase.swift in Sources */ = {isa = PBXBuildFile; fileRef = 497190C81DDA3EA1009FD361 /* UIPageViewControllerDataSourceWithConnectedViewControllersTestCase.swift */; };
		4976CB291C497F8E00F60E36 /* DictionaryTestCase.swift in Sources */ = {isa = PBXBuildFile; fileRef = 4976CB281C497F8E00F60E36 /* DictionaryTestCase.swift */; };
		497EFE8A1DB640DE00DEC825 /* ConvertibleToCloudKitRecord.swift in Sources */ = {isa = PBXBuildFile; fileRef = 497EFE891DB640DE00DEC825 /* ConvertibleToCloudKitRecord.swift */; };
		497EFE8B1DB640DE00DEC825 /* ConvertibleToCloudKitRecord.swift in Sources */ = {isa = PBXBuildFile; fileRef = 497EFE891DB640DE00DEC825 /* ConvertibleToCloudKitRecord.swift */; };
		497EFE8D1DB6472700DEC825 /* RawRepresentable.swift in Sources */ = {isa = PBXBuildFile; fileRef = 497EFE8C1DB6472700DEC825 /* RawRepresentable.swift */; };
		497EFE8E1DB6472700DEC825 /* RawRepresentable.swift in Sources */ = {isa = PBXBuildFile; fileRef = 497EFE8C1DB6472700DEC825 /* RawRepresentable.swift */; };
		497EFE901DB6476E00DEC825 /* RawRepresentableTestCase.swift in Sources */ = {isa = PBXBuildFile; fileRef = 497EFE8F1DB6476E00DEC825 /* RawRepresentableTestCase.swift */; };
		497F568A1E3C494F0066CD1E /* UIColor.swift in Sources */ = {isa = PBXBuildFile; fileRef = 497F56891E3C494F0066CD1E /* UIColor.swift */; };
		497F568B1E3C494F0066CD1E /* UIColor.swift in Sources */ = {isa = PBXBuildFile; fileRef = 497F56891E3C494F0066CD1E /* UIColor.swift */; };
		497F568D1E3C4BC40066CD1E /* CALayer.swift in Sources */ = {isa = PBXBuildFile; fileRef = 497F568C1E3C4BC40066CD1E /* CALayer.swift */; };
		497F568E1E3C4BC40066CD1E /* CALayer.swift in Sources */ = {isa = PBXBuildFile; fileRef = 497F568C1E3C4BC40066CD1E /* CALayer.swift */; };
		497F56901E3C4C5D0066CD1E /* CATransform3D.swift in Sources */ = {isa = PBXBuildFile; fileRef = 497F568F1E3C4C5D0066CD1E /* CATransform3D.swift */; };
		497F56911E3C4C5D0066CD1E /* CATransform3D.swift in Sources */ = {isa = PBXBuildFile; fileRef = 497F568F1E3C4C5D0066CD1E /* CATransform3D.swift */; };
		497F569A1E3C52690066CD1E /* UIColorTestCase.swift in Sources */ = {isa = PBXBuildFile; fileRef = 497F56991E3C52690066CD1E /* UIColorTestCase.swift */; };
		497F569C1E3C55B50066CD1E /* CGPoint.swift in Sources */ = {isa = PBXBuildFile; fileRef = 497F569B1E3C55B50066CD1E /* CGPoint.swift */; };
		497F569D1E3C55B50066CD1E /* CGPoint.swift in Sources */ = {isa = PBXBuildFile; fileRef = 497F569B1E3C55B50066CD1E /* CGPoint.swift */; };
		49817E5E1D2C9BD20025A6CA /* getMethodTestCase.swift in Sources */ = {isa = PBXBuildFile; fileRef = 49817E5D1D2C9BD20025A6CA /* getMethodTestCase.swift */; };
		49817E601D2CA99A0025A6CA /* errors.swift in Sources */ = {isa = PBXBuildFile; fileRef = 49817E5F1D2CA99A0025A6CA /* errors.swift */; };
		49817E621D2CAE0B0025A6CA /* errorsTestCase.swift in Sources */ = {isa = PBXBuildFile; fileRef = 49817E611D2CAE0B0025A6CA /* errorsTestCase.swift */; };
		498880851D58BFB400AE24FC /* CKAsset.swift in Sources */ = {isa = PBXBuildFile; fileRef = 498880841D58BFB400AE24FC /* CKAsset.swift */; };
		498B54C71D828CF300C07620 /* FloatingPoint.swift in Sources */ = {isa = PBXBuildFile; fileRef = 498B54C61D828CF300C07620 /* FloatingPoint.swift */; };
		498B54C81D828CF300C07620 /* FloatingPoint.swift in Sources */ = {isa = PBXBuildFile; fileRef = 498B54C61D828CF300C07620 /* FloatingPoint.swift */; };
		498B54CA1D828D1C00C07620 /* FloatingPointTestCase.swift in Sources */ = {isa = PBXBuildFile; fileRef = 498B54C91D828D1C00C07620 /* FloatingPointTestCase.swift */; };
		498F6CC61D3EBA20006534BF /* ConvertibleToSerializableDictionary.swift in Sources */ = {isa = PBXBuildFile; fileRef = 498F6CC51D3EBA20006534BF /* ConvertibleToSerializableDictionary.swift */; };
		498F6CCA1D3EBC20006534BF /* ConvertibleToSerializableDictionaryTestCase.swift in Sources */ = {isa = PBXBuildFile; fileRef = 498F6CC91D3EBC20006534BF /* ConvertibleToSerializableDictionaryTestCase.swift */; };
		4993AD331DD99155007C7525 /* named subscripts.swift in Sources */ = {isa = PBXBuildFile; fileRef = 4993AD321DD99155007C7525 /* named subscripts.swift */; };
		4993AD341DD99155007C7525 /* named subscripts.swift in Sources */ = {isa = PBXBuildFile; fileRef = 4993AD321DD99155007C7525 /* named subscripts.swift */; };
		499C71921D0F7636009797BC /* SerializableDictionaryTestCase.swift in Sources */ = {isa = PBXBuildFile; fileRef = 499C71911D0F7636009797BC /* SerializableDictionaryTestCase.swift */; };
		499C71941D0F7E94009797BC /* CGSizeTestCase.swift in Sources */ = {isa = PBXBuildFile; fileRef = 499C71931D0F7E94009797BC /* CGSizeTestCase.swift */; };
		499C71961D0F8079009797BC /* MakeGetTestCase.swift in Sources */ = {isa = PBXBuildFile; fileRef = 499C71951D0F8079009797BC /* MakeGetTestCase.swift */; };
		499CA3381D4BE4660049F0AB /* CKFetchRecordsOperation.swift in Sources */ = {isa = PBXBuildFile; fileRef = 499CA3371D4BE4660049F0AB /* CKFetchRecordsOperation.swift */; };
		499CA3391D4BF44C0049F0AB /* CKFetchRecordsOperation.swift in Sources */ = {isa = PBXBuildFile; fileRef = 499CA3371D4BE4660049F0AB /* CKFetchRecordsOperation.swift */; };
		49A1982E1D62B358005C251A /* typealiases.swift in Sources */ = {isa = PBXBuildFile; fileRef = 49A1982D1D62B358005C251A /* typealiases.swift */; };
		49A1982F1D62B358005C251A /* typealiases.swift in Sources */ = {isa = PBXBuildFile; fileRef = 49A1982D1D62B358005C251A /* typealiases.swift */; };
		49A36BDA1D407C6200A4BFEB /* CKDatabase.swift in Sources */ = {isa = PBXBuildFile; fileRef = 49A36BD91D407C6200A4BFEB /* CKDatabase.swift */; };
		49A36BDD1D407CA200A4BFEB /* InitializableWithCloudKitRecord.swift in Sources */ = {isa = PBXBuildFile; fileRef = 49A36BDC1D407CA200A4BFEB /* InitializableWithCloudKitRecord.swift */; };
		49A36BDF1D407CD200A4BFEB /* CKRecord.swift in Sources */ = {isa = PBXBuildFile; fileRef = 49A36BDE1D407CD200A4BFEB /* CKRecord.swift */; };
		49A4861C1D09132500A55CCD /* CGRectTestCase.swift in Sources */ = {isa = PBXBuildFile; fileRef = 49A4861B1D09132500A55CCD /* CGRectTestCase.swift */; };
		49A4861E1D09184B00A55CCD /* OptionalTestCase.swift in Sources */ = {isa = PBXBuildFile; fileRef = 49A4861D1D09184B00A55CCD /* OptionalTestCase.swift */; };
		49A6C9581E476D6700CF5FFB /* SerializableDictionary.swift in Sources */ = {isa = PBXBuildFile; fileRef = 49A6C9571E476D6700CF5FFB /* SerializableDictionary.swift */; };
		49A6C9591E476D6700CF5FFB /* SerializableDictionary.swift in Sources */ = {isa = PBXBuildFile; fileRef = 49A6C9571E476D6700CF5FFB /* SerializableDictionary.swift */; };
		49A6C95B1E47756300CF5FFB /* InitializableWithSerializableDictionary.swift in Sources */ = {isa = PBXBuildFile; fileRef = 49A6C95A1E47756300CF5FFB /* InitializableWithSerializableDictionary.swift */; };
		49A6C95C1E47756300CF5FFB /* InitializableWithSerializableDictionary.swift in Sources */ = {isa = PBXBuildFile; fileRef = 49A6C95A1E47756300CF5FFB /* InitializableWithSerializableDictionary.swift */; };
		49AC701E1E4761E500342DB3 /* PropertyListSerialization.swift in Sources */ = {isa = PBXBuildFile; fileRef = 49AC701D1E4761E500342DB3 /* PropertyListSerialization.swift */; };
		49AC701F1E4761E500342DB3 /* PropertyListSerialization.swift in Sources */ = {isa = PBXBuildFile; fileRef = 49AC701D1E4761E500342DB3 /* PropertyListSerialization.swift */; };
		49AC70211E476AEC00342DB3 /* PropertyList.swift in Sources */ = {isa = PBXBuildFile; fileRef = 49AC70201E476AEC00342DB3 /* PropertyList.swift */; };
		49AC70221E476AEC00342DB3 /* PropertyList.swift in Sources */ = {isa = PBXBuildFile; fileRef = 49AC70201E476AEC00342DB3 /* PropertyList.swift */; };
		49AE426B1D10CE010013301A /* …TestCase.swift in Sources */ = {isa = PBXBuildFile; fileRef = 49AE426A1D10CE010013301A /* …TestCase.swift */; };
		49B159541E39FD86003A0034 /* InitializableWithCloudKitRecordAndReferences.swift in Sources */ = {isa = PBXBuildFile; fileRef = 49B159531E39FD86003A0034 /* InitializableWithCloudKitRecordAndReferences.swift */; };
		49B159551E39FD86003A0034 /* InitializableWithCloudKitRecordAndReferences.swift in Sources */ = {isa = PBXBuildFile; fileRef = 49B159531E39FD86003A0034 /* InitializableWithCloudKitRecordAndReferences.swift */; };
		49B182DB1C33807000529B08 /* Array.swift in Sources */ = {isa = PBXBuildFile; fileRef = 49B182D11C33807000529B08 /* Array.swift */; };
		49B182DC1C33807000529B08 /* Bool.swift in Sources */ = {isa = PBXBuildFile; fileRef = 49B182D21C33807000529B08 /* Bool.swift */; };
		49B182DD1C33807000529B08 /* Dictionary.swift in Sources */ = {isa = PBXBuildFile; fileRef = 49B182D31C33807000529B08 /* Dictionary.swift */; };
		49B182DE1C33807000529B08 /* Equatable.swift in Sources */ = {isa = PBXBuildFile; fileRef = 49B182D41C33807000529B08 /* Equatable.swift */; };
		49B182DF1C33807000529B08 /* integers.swift in Sources */ = {isa = PBXBuildFile; fileRef = 49B182D51C33807000529B08 /* integers.swift */; };
		49B182E01C33807000529B08 /* OptionSetType.swift in Sources */ = {isa = PBXBuildFile; fileRef = 49B182D61C33807000529B08 /* OptionSetType.swift */; };
		49B182E11C33807000529B08 /* Sequence.swift in Sources */ = {isa = PBXBuildFile; fileRef = 49B182D71C33807000529B08 /* Sequence.swift */; };
		49B182E31C33807000529B08 /* SetAlgebra.swift in Sources */ = {isa = PBXBuildFile; fileRef = 49B182D91C33807000529B08 /* SetAlgebra.swift */; };
		49B182E41C33807000529B08 /* String.swift in Sources */ = {isa = PBXBuildFile; fileRef = 49B182DA1C33807000529B08 /* String.swift */; };
		49B182E71C33839900529B08 /* ArrayTestCase.swift in Sources */ = {isa = PBXBuildFile; fileRef = 49B182E61C33839900529B08 /* ArrayTestCase.swift */; };
		49B182E91C338D6900529B08 /* BoolTestCase.swift in Sources */ = {isa = PBXBuildFile; fileRef = 49B182E81C338D6900529B08 /* BoolTestCase.swift */; };
		49BF898E1C3878EB0050A49B /* MultiClosureTestCase.swift in Sources */ = {isa = PBXBuildFile; fileRef = 49BF898D1C3878EB0050A49B /* MultiClosureTestCase.swift */; };
		49BF89901C38C8FD0050A49B /* InitializableWithParameters.swift in Sources */ = {isa = PBXBuildFile; fileRef = 49BF898F1C38C8FD0050A49B /* InitializableWithParameters.swift */; };
		49C4342F1C34D73400B6C530 /* SetAlgebraTypeTestCase.swift in Sources */ = {isa = PBXBuildFile; fileRef = 49C4342E1C34D73400B6C530 /* SetAlgebraTypeTestCase.swift */; };
		49C434311C34DCD400B6C530 /* OptionSetTestCase.swift in Sources */ = {isa = PBXBuildFile; fileRef = 49C434301C34DCD400B6C530 /* OptionSetTestCase.swift */; };
		49C434331C34F02700B6C530 /* StringTestCase.swift in Sources */ = {isa = PBXBuildFile; fileRef = 49C434321C34F02700B6C530 /* StringTestCase.swift */; };
		49C4343A1C35DCF900B6C530 /* ComputedProperty.swift in Sources */ = {isa = PBXBuildFile; fileRef = 49C434391C35DCF900B6C530 /* ComputedProperty.swift */; };
		49C4343C1C35E10900B6C530 /* PropertiesTestCase.swift in Sources */ = {isa = PBXBuildFile; fileRef = 49C4343B1C35E10900B6C530 /* PropertiesTestCase.swift */; };
		49C434701C37613900B6C530 /* ReferencersTestCase.swift in Sources */ = {isa = PBXBuildFile; fileRef = 49C4346F1C37613900B6C530 /* ReferencersTestCase.swift */; };
		49C434741C379F0000B6C530 /* NilClosuresTestCase.swift in Sources */ = {isa = PBXBuildFile; fileRef = 49C434731C379F0000B6C530 /* NilClosuresTestCase.swift */; };
		49C526E21DB6D54A0036B020 /* CKModifyRecordsOperation.swift in Sources */ = {isa = PBXBuildFile; fileRef = 49C526E11DB6D54A0036B020 /* CKModifyRecordsOperation.swift */; };
		49C526E31DB6D54A0036B020 /* CKModifyRecordsOperation.swift in Sources */ = {isa = PBXBuildFile; fileRef = 49C526E11DB6D54A0036B020 /* CKModifyRecordsOperation.swift */; };
		49C526E71DB6DA4A0036B020 /* CKModifyRecordsOperationTestCase.swift in Sources */ = {isa = PBXBuildFile; fileRef = 49C526E61DB6DA4A0036B020 /* CKModifyRecordsOperationTestCase.swift */; };
		49C526E91DB6E8C50036B020 /* CKDatabaseTestCase.swift in Sources */ = {isa = PBXBuildFile; fileRef = 49C526E81DB6E8C50036B020 /* CKDatabaseTestCase.swift */; };
		49CBDFF51C3329EF00E8EFCC /* HemiprocneMystacea.h in Headers */ = {isa = PBXBuildFile; fileRef = 49CBDFF41C3329EF00E8EFCC /* HemiprocneMystacea.h */; settings = {ATTRIBUTES = (Public, ); }; };
		49CBDFFC1C3329EF00E8EFCC /* HM.framework in Frameworks */ = {isa = PBXBuildFile; fileRef = 49CBDFF11C3329EF00E8EFCC /* HM.framework */; };
		49CBE0A61C332ADE00E8EFCC /* CNContainer.swift in Sources */ = {isa = PBXBuildFile; fileRef = 49CBE0711C332ADE00E8EFCC /* CNContainer.swift */; };
		49CBE0AC1C332ADE00E8EFCC /* FileInfo.swift in Sources */ = {isa = PBXBuildFile; fileRef = 49CBE07A1C332ADE00E8EFCC /* FileInfo.swift */; };
		49CBE0B01C332ADE00E8EFCC /* UserDefaults+Setting.swift in Sources */ = {isa = PBXBuildFile; fileRef = 49CBE07E1C332ADE00E8EFCC /* UserDefaults+Setting.swift */; };
		49CBE0B21C332ADE00E8EFCC /* BitShiftable.swift in Sources */ = {isa = PBXBuildFile; fileRef = 49CBE0811C332ADE00E8EFCC /* BitShiftable.swift */; };
		49CBE0B81C332ADE00E8EFCC /* EquatableClass.swift in Sources */ = {isa = PBXBuildFile; fileRef = 49CBE0871C332ADE00E8EFCC /* EquatableClass.swift */; };
		49CBE0B91C332ADE00E8EFCC /* HashableClass.swift in Sources */ = {isa = PBXBuildFile; fileRef = 49CBE0881C332ADE00E8EFCC /* HashableClass.swift */; };
		49CBE0BD1C332ADE00E8EFCC /* MultiClosure.swift in Sources */ = {isa = PBXBuildFile; fileRef = 49CBE08C1C332ADE00E8EFCC /* MultiClosure.swift */; };
		49CBE0BE1C332ADE00E8EFCC /* nil closures.swift in Sources */ = {isa = PBXBuildFile; fileRef = 49CBE08D1C332ADE00E8EFCC /* nil closures.swift */; };
		49CBE0BF1C332ADE00E8EFCC /* operators.swift in Sources */ = {isa = PBXBuildFile; fileRef = 49CBE08F1C332ADE00E8EFCC /* operators.swift */; };
		49CBE0C11C332ADE00E8EFCC /* ….swift in Sources */ = {isa = PBXBuildFile; fileRef = 49CBE0911C332ADE00E8EFCC /* ….swift */; };
		49CBE0C41C332ADE00E8EFCC /* Referencers.swift in Sources */ = {isa = PBXBuildFile; fileRef = 49CBE0941C332ADE00E8EFCC /* Referencers.swift */; };
		49CBE0CB1C332ADE00E8EFCC /* UIAlertController.swift in Sources */ = {isa = PBXBuildFile; fileRef = 49CBE09C1C332ADE00E8EFCC /* UIAlertController.swift */; };
		49CBE0CC1C332ADE00E8EFCC /* UIButton.swift in Sources */ = {isa = PBXBuildFile; fileRef = 49CBE09D1C332ADE00E8EFCC /* UIButton.swift */; };
		49CBE0CD1C332ADE00E8EFCC /* reusableCells.swift in Sources */ = {isa = PBXBuildFile; fileRef = 49CBE09E1C332ADE00E8EFCC /* reusableCells.swift */; };
		49CBE0CF1C332ADE00E8EFCC /* UILabel.swift in Sources */ = {isa = PBXBuildFile; fileRef = 49CBE0A01C332ADE00E8EFCC /* UILabel.swift */; };
		49CBE0D11C332ADE00E8EFCC /* UIPageViewControllerDataSourceWithConnections.swift in Sources */ = {isa = PBXBuildFile; fileRef = 49CBE0A21C332ADE00E8EFCC /* UIPageViewControllerDataSourceWithConnections.swift */; };
		49CBE0D41C332ADE00E8EFCC /* UIViewController.swift in Sources */ = {isa = PBXBuildFile; fileRef = 49CBE0A51C332ADE00E8EFCC /* UIViewController.swift */; };
		49DBA1E31CD940BF0058181A /* UIAlertAction.swift in Sources */ = {isa = PBXBuildFile; fileRef = 49DBA1E21CD940BF0058181A /* UIAlertAction.swift */; };
		49E4AD121C45ABD4007BCBA5 /* UIButtonTestCase.swift in Sources */ = {isa = PBXBuildFile; fileRef = 49E4AD111C45ABD4007BCBA5 /* UIButtonTestCase.swift */; };
		49EF28041D7D0E0E00993226 /* ViewControllerWithDependentOutlets.swift in Sources */ = {isa = PBXBuildFile; fileRef = 49EF28031D7D0E0E00993226 /* ViewControllerWithDependentOutlets.swift */; };
		49EF28051D7D0E0E00993226 /* ViewControllerWithDependentOutlets.swift in Sources */ = {isa = PBXBuildFile; fileRef = 49EF28031D7D0E0E00993226 /* ViewControllerWithDependentOutlets.swift */; };
		49F6DE381D972D70004B91B6 /* injectDependencies.swift in Sources */ = {isa = PBXBuildFile; fileRef = 49F6DE371D972D70004B91B6 /* injectDependencies.swift */; };
		49F6DE391D972D70004B91B6 /* injectDependencies.swift in Sources */ = {isa = PBXBuildFile; fileRef = 49F6DE371D972D70004B91B6 /* injectDependencies.swift */; };
		49FA036C1D82A43B0092026E /* SummableUsingInstanceZero.swift in Sources */ = {isa = PBXBuildFile; fileRef = 49FA036B1D82A43B0092026E /* SummableUsingInstanceZero.swift */; };
		49FA036D1D82A43B0092026E /* SummableUsingInstanceZero.swift in Sources */ = {isa = PBXBuildFile; fileRef = 49FA036B1D82A43B0092026E /* SummableUsingInstanceZero.swift */; };
		49FCA3A71E3758650018B5EF /* UICollectionViewTestCase.swift in Sources */ = {isa = PBXBuildFile; fileRef = 49FCA3A61E3758650018B5EF /* UICollectionViewTestCase.swift */; };
		49FCA3A91E375D9A0018B5EF /* UITableViewTestCase.swift in Sources */ = {isa = PBXBuildFile; fileRef = 49FCA3A81E375D9A0018B5EF /* UITableViewTestCase.swift */; };
		49FCF0721C34CDB4005338F6 /* IntegersTestCase.swift in Sources */ = {isa = PBXBuildFile; fileRef = 49FCF0711C34CDB4005338F6 /* IntegersTestCase.swift */; };
		49FCF0741C34D06E005338F6 /* SetTestCase.swift in Sources */ = {isa = PBXBuildFile; fileRef = 49FCF0731C34D06E005338F6 /* SetTestCase.swift */; };
		49FD14F11CD91A940067F27E /* CABasicAnimation.swift in Sources */ = {isa = PBXBuildFile; fileRef = 49FD14F01CD91A940067F27E /* CABasicAnimation.swift */; };
		49FD14F41CD91C070067F27E /* CABasicAnimation.Values.swift in Sources */ = {isa = PBXBuildFile; fileRef = 49FD14F31CD91C070067F27E /* CABasicAnimation.Values.swift */; };
		49FD14F71CD91D470067F27E /* CABasicAnimationTestCase.swift in Sources */ = {isa = PBXBuildFile; fileRef = 49FD14F61CD91D470067F27E /* CABasicAnimationTestCase.swift */; };
		E348A4301D08C085003D8024 /* CGRect.swift in Sources */ = {isa = PBXBuildFile; fileRef = E348A42F1D08C085003D8024 /* CGRect.swift */; };
		E348A4331D08C0DE003D8024 /* CGSize.swift in Sources */ = {isa = PBXBuildFile; fileRef = E348A4321D08C0DE003D8024 /* CGSize.swift */; };
		E348A4351D08C146003D8024 /* Optional.swift in Sources */ = {isa = PBXBuildFile; fileRef = E348A4341D08C146003D8024 /* Optional.swift */; };
		E348A4371D08C1B0003D8024 /* getMethod.swift in Sources */ = {isa = PBXBuildFile; fileRef = E348A4361D08C1B0003D8024 /* getMethod.swift */; };
		E348A4391D08CB03003D8024 /* ObservedProperty.swift in Sources */ = {isa = PBXBuildFile; fileRef = E348A4381D08CB03003D8024 /* ObservedProperty.swift */; };
		E3A83B3B1D099C7B000D7B08 /* Property.swift in Sources */ = {isa = PBXBuildFile; fileRef = E3A83B3A1D099C7B000D7B08 /* Property.swift */; };
		E3BE34041D0B2688008D532C /* JSON.swift in Sources */ = {isa = PBXBuildFile; fileRef = E3BE34031D0B2688008D532C /* JSON.swift */; };
		E3BE340B1D0EF2A0008D532C /* weakClosure.swift in Sources */ = {isa = PBXBuildFile; fileRef = E3BE340A1D0EF2A0008D532C /* weakClosure.swift */; };
/* End PBXBuildFile section */

/* Begin PBXContainerItemProxy section */
		49CBDFFD1C3329EF00E8EFCC /* PBXContainerItemProxy */ = {
			isa = PBXContainerItemProxy;
			containerPortal = 49CBDFE81C3329EF00E8EFCC /* Project object */;
			proxyType = 1;
			remoteGlobalIDString = 49CBDFF01C3329EF00E8EFCC;
			remoteInfo = HemiprocneMystacea;
		};
/* End PBXContainerItemProxy section */

/* Begin PBXFileReference section */
		0A5F8A701DB6527D00285094 /* CKRecordTestCase.swift */ = {isa = PBXFileReference; fileEncoding = 4; lastKnownFileType = sourcecode.swift; name = CKRecordTestCase.swift; path = CloudKit/CKRecordTestCase.swift; sourceTree = "<group>"; };
		0A6793341D8315720098D1E7 /* MeasurementTestCase.swift */ = {isa = PBXFileReference; fileEncoding = 4; lastKnownFileType = sourcecode.swift; name = MeasurementTestCase.swift; path = Foundation/MeasurementTestCase.swift; sourceTree = "<group>"; };
		0A72FC211D4081580041845B /* HM.framework */ = {isa = PBXFileReference; explicitFileType = wrapper.framework; includeInIndex = 0; path = HM.framework; sourceTree = BUILT_PRODUCTS_DIR; };
		0A72FC231D4081580041845B /* HemiprocneMystaceaTV.h */ = {isa = PBXFileReference; lastKnownFileType = sourcecode.c.h; path = HemiprocneMystaceaTV.h; sourceTree = "<group>"; };
		0A72FC241D4081580041845B /* Info.plist */ = {isa = PBXFileReference; lastKnownFileType = text.plist.xml; path = Info.plist; sourceTree = "<group>"; };
		0A8DEF841C48993B00DF1CF7 /* SequenceTestCase.swift */ = {isa = PBXFileReference; fileEncoding = 4; lastKnownFileType = sourcecode.swift; path = SequenceTestCase.swift; sourceTree = "<group>"; };
		491278671CDD2EDC00AAFE7C /* UIBarButtonItem.swift */ = {isa = PBXFileReference; fileEncoding = 4; lastKnownFileType = sourcecode.swift; path = UIBarButtonItem.swift; sourceTree = "<group>"; };
		492404E41E39D438005BD973 /* CloudKitBackReferencer.swift */ = {isa = PBXFileReference; fileEncoding = 4; lastKnownFileType = sourcecode.swift; path = CloudKitBackReferencer.swift; sourceTree = "<group>"; };
		492404E71E39F0E9005BD973 /* CloudKitBackReferenced.swift */ = {isa = PBXFileReference; fileEncoding = 4; lastKnownFileType = sourcecode.swift; path = CloudKitBackReferenced.swift; sourceTree = "<group>"; };
		4926349E1D877E2D00AD131D /* UIApplicationDelegate.swift */ = {isa = PBXFileReference; fileEncoding = 4; lastKnownFileType = sourcecode.swift; path = UIApplicationDelegate.swift; sourceTree = "<group>"; };
		494A99371E37253400F6A51D /* UICollectionView.swift */ = {isa = PBXFileReference; fileEncoding = 4; lastKnownFileType = sourcecode.swift; path = UICollectionView.swift; sourceTree = "<group>"; };
		494A993A1E37261800F6A51D /* UITableView.swift */ = {isa = PBXFileReference; fileEncoding = 4; lastKnownFileType = sourcecode.swift; path = UITableView.swift; sourceTree = "<group>"; };
		496563B71DB65C31002B7623 /* keyValueSubscript.swift */ = {isa = PBXFileReference; fileEncoding = 4; lastKnownFileType = sourcecode.swift; path = keyValueSubscript.swift; sourceTree = "<group>"; };
		4966E4CE1E3C5AA300199496 /* CGPointTestCase.swift */ = {isa = PBXFileReference; fileEncoding = 4; lastKnownFileType = sourcecode.swift; name = CGPointTestCase.swift; path = "Core Graphics/CGPointTestCase.swift"; sourceTree = "<group>"; };
		4966E4D01E3C5C0700199496 /* CALayerTestCase.swift */ = {isa = PBXFileReference; fileEncoding = 4; lastKnownFileType = sourcecode.swift; name = CALayerTestCase.swift; path = QuartzCore/CALayerTestCase.swift; sourceTree = "<group>"; };
		4969F44A1E0E3D1C0005A4FA /* IndexPath.swift */ = {isa = PBXFileReference; fileEncoding = 4; lastKnownFileType = sourcecode.swift; path = IndexPath.swift; sourceTree = "<group>"; };
		4969F44D1E0E40D40005A4FA /* IndexPathTestCase.swift */ = {isa = PBXFileReference; fileEncoding = 4; lastKnownFileType = sourcecode.swift; name = IndexPathTestCase.swift; path = Foundation/IndexPathTestCase.swift; sourceTree = "<group>"; };
		4969F44F1E0E4CCE0005A4FA /* NamedSubscriptTestCase.swift */ = {isa = PBXFileReference; fileEncoding = 4; lastKnownFileType = sourcecode.swift; name = NamedSubscriptTestCase.swift; path = Swift/NamedSubscriptTestCase.swift; sourceTree = "<group>"; };
		496BFBBD1C3A37A6006E6CC4 /* EquatableTestCase.swift */ = {isa = PBXFileReference; fileEncoding = 4; lastKnownFileType = sourcecode.swift; path = EquatableTestCase.swift; sourceTree = "<group>"; };
		497190C81DDA3EA1009FD361 /* UIPageViewControllerDataSourceWithConnectedViewControllersTestCase.swift */ = {isa = PBXFileReference; fileEncoding = 4; lastKnownFileType = sourcecode.swift; name = UIPageViewControllerDataSourceWithConnectedViewControllersTestCase.swift; path = UIKit/UIPageViewControllerDataSourceWithConnectedViewControllersTestCase.swift; sourceTree = "<group>"; };
		4976CB281C497F8E00F60E36 /* DictionaryTestCase.swift */ = {isa = PBXFileReference; fileEncoding = 4; lastKnownFileType = sourcecode.swift; path = DictionaryTestCase.swift; sourceTree = "<group>"; };
		497EFE891DB640DE00DEC825 /* ConvertibleToCloudKitRecord.swift */ = {isa = PBXFileReference; fileEncoding = 4; lastKnownFileType = sourcecode.swift; path = ConvertibleToCloudKitRecord.swift; sourceTree = "<group>"; };
		497EFE8C1DB6472700DEC825 /* RawRepresentable.swift */ = {isa = PBXFileReference; fileEncoding = 4; lastKnownFileType = sourcecode.swift; path = RawRepresentable.swift; sourceTree = "<group>"; };
		497EFE8F1DB6476E00DEC825 /* RawRepresentableTestCase.swift */ = {isa = PBXFileReference; fileEncoding = 4; lastKnownFileType = sourcecode.swift; path = RawRepresentableTestCase.swift; sourceTree = "<group>"; };
		497F56891E3C494F0066CD1E /* UIColor.swift */ = {isa = PBXFileReference; fileEncoding = 4; lastKnownFileType = sourcecode.swift; path = UIColor.swift; sourceTree = "<group>"; };
		497F568C1E3C4BC40066CD1E /* CALayer.swift */ = {isa = PBXFileReference; fileEncoding = 4; lastKnownFileType = sourcecode.swift; name = CALayer.swift; path = QuartzCore/CALayer.swift; sourceTree = "<group>"; };
		497F568F1E3C4C5D0066CD1E /* CATransform3D.swift */ = {isa = PBXFileReference; fileEncoding = 4; lastKnownFileType = sourcecode.swift; name = CATransform3D.swift; path = QuartzCore/CATransform3D.swift; sourceTree = "<group>"; };
		497F56991E3C52690066CD1E /* UIColorTestCase.swift */ = {isa = PBXFileReference; fileEncoding = 4; lastKnownFileType = sourcecode.swift; name = UIColorTestCase.swift; path = UIKit/UIColorTestCase.swift; sourceTree = "<group>"; };
		497F569B1E3C55B50066CD1E /* CGPoint.swift */ = {isa = PBXFileReference; fileEncoding = 4; lastKnownFileType = sourcecode.swift; name = CGPoint.swift; path = "HemiprocneMystacea/Core Graphics/CGPoint.swift"; sourceTree = SOURCE_ROOT; };
		49817E5D1D2C9BD20025A6CA /* getMethodTestCase.swift */ = {isa = PBXFileReference; fileEncoding = 4; lastKnownFileType = sourcecode.swift; name = getMethodTestCase.swift; path = QuartzCore/getMethodTestCase.swift; sourceTree = "<group>"; };
		49817E5F1D2CA99A0025A6CA /* errors.swift */ = {isa = PBXFileReference; fileEncoding = 4; lastKnownFileType = sourcecode.swift; path = errors.swift; sourceTree = "<group>"; };
		49817E611D2CAE0B0025A6CA /* errorsTestCase.swift */ = {isa = PBXFileReference; fileEncoding = 4; lastKnownFileType = sourcecode.swift; name = errorsTestCase.swift; path = Swift/errorsTestCase.swift; sourceTree = "<group>"; };
		498880841D58BFB400AE24FC /* CKAsset.swift */ = {isa = PBXFileReference; fileEncoding = 4; lastKnownFileType = sourcecode.swift; path = CKAsset.swift; sourceTree = "<group>"; };
		498B54C61D828CF300C07620 /* FloatingPoint.swift */ = {isa = PBXFileReference; fileEncoding = 4; lastKnownFileType = sourcecode.swift; path = FloatingPoint.swift; sourceTree = "<group>"; };
		498B54C91D828D1C00C07620 /* FloatingPointTestCase.swift */ = {isa = PBXFileReference; fileEncoding = 4; lastKnownFileType = sourcecode.swift; path = FloatingPointTestCase.swift; sourceTree = "<group>"; };
		498F6CC51D3EBA20006534BF /* ConvertibleToSerializableDictionary.swift */ = {isa = PBXFileReference; fileEncoding = 4; lastKnownFileType = sourcecode.swift; path = ConvertibleToSerializableDictionary.swift; sourceTree = "<group>"; };
		498F6CC91D3EBC20006534BF /* ConvertibleToSerializableDictionaryTestCase.swift */ = {isa = PBXFileReference; fileEncoding = 4; lastKnownFileType = sourcecode.swift; path = ConvertibleToSerializableDictionaryTestCase.swift; sourceTree = "<group>"; };
		4993AD321DD99155007C7525 /* named subscripts.swift */ = {isa = PBXFileReference; fileEncoding = 4; lastKnownFileType = sourcecode.swift; path = "named subscripts.swift"; sourceTree = "<group>"; };
		499C71911D0F7636009797BC /* SerializableDictionaryTestCase.swift */ = {isa = PBXFileReference; fileEncoding = 4; lastKnownFileType = sourcecode.swift; path = SerializableDictionaryTestCase.swift; sourceTree = "<group>"; };
		499C71931D0F7E94009797BC /* CGSizeTestCase.swift */ = {isa = PBXFileReference; fileEncoding = 4; lastKnownFileType = sourcecode.swift; name = CGSizeTestCase.swift; path = "Core Graphics/CGSizeTestCase.swift"; sourceTree = "<group>"; };
		499C71951D0F8079009797BC /* MakeGetTestCase.swift */ = {isa = PBXFileReference; fileEncoding = 4; lastKnownFileType = sourcecode.swift; name = MakeGetTestCase.swift; path = Swift/MakeGetTestCase.swift; sourceTree = "<group>"; };
		499CA3371D4BE4660049F0AB /* CKFetchRecordsOperation.swift */ = {isa = PBXFileReference; fileEncoding = 4; lastKnownFileType = sourcecode.swift; path = CKFetchRecordsOperation.swift; sourceTree = "<group>"; };
		49A1982D1D62B358005C251A /* typealiases.swift */ = {isa = PBXFileReference; fileEncoding = 4; lastKnownFileType = sourcecode.swift; path = typealiases.swift; sourceTree = "<group>"; };
		49A36BD91D407C6200A4BFEB /* CKDatabase.swift */ = {isa = PBXFileReference; fileEncoding = 4; lastKnownFileType = sourcecode.swift; path = CKDatabase.swift; sourceTree = "<group>"; };
		49A36BDC1D407CA200A4BFEB /* InitializableWithCloudKitRecord.swift */ = {isa = PBXFileReference; fileEncoding = 4; lastKnownFileType = sourcecode.swift; path = InitializableWithCloudKitRecord.swift; sourceTree = "<group>"; };
		49A36BDE1D407CD200A4BFEB /* CKRecord.swift */ = {isa = PBXFileReference; fileEncoding = 4; lastKnownFileType = sourcecode.swift; path = CKRecord.swift; sourceTree = "<group>"; };
		49A4861B1D09132500A55CCD /* CGRectTestCase.swift */ = {isa = PBXFileReference; fileEncoding = 4; lastKnownFileType = sourcecode.swift; name = CGRectTestCase.swift; path = "Core Graphics/CGRectTestCase.swift"; sourceTree = "<group>"; };
		49A4861D1D09184B00A55CCD /* OptionalTestCase.swift */ = {isa = PBXFileReference; fileEncoding = 4; lastKnownFileType = sourcecode.swift; path = OptionalTestCase.swift; sourceTree = "<group>"; };
		49A6C9571E476D6700CF5FFB /* SerializableDictionary.swift */ = {isa = PBXFileReference; fileEncoding = 4; lastKnownFileType = sourcecode.swift; path = SerializableDictionary.swift; sourceTree = "<group>"; };
		49A6C95A1E47756300CF5FFB /* InitializableWithSerializableDictionary.swift */ = {isa = PBXFileReference; fileEncoding = 4; lastKnownFileType = sourcecode.swift; path = InitializableWithSerializableDictionary.swift; sourceTree = "<group>"; };
		49AC701D1E4761E500342DB3 /* PropertyListSerialization.swift */ = {isa = PBXFileReference; fileEncoding = 4; lastKnownFileType = sourcecode.swift; path = PropertyListSerialization.swift; sourceTree = "<group>"; };
		49AC70201E476AEC00342DB3 /* PropertyList.swift */ = {isa = PBXFileReference; fileEncoding = 4; lastKnownFileType = sourcecode.swift; path = PropertyList.swift; sourceTree = "<group>"; };
		49AE426A1D10CE010013301A /* …TestCase.swift */ = {isa = PBXFileReference; fileEncoding = 4; lastKnownFileType = sourcecode.swift; name = "…TestCase.swift"; path = "Swift/Operators/…TestCase.swift"; sourceTree = "<group>"; };
		49B159531E39FD86003A0034 /* InitializableWithCloudKitRecordAndReferences.swift */ = {isa = PBXFileReference; fileEncoding = 4; lastKnownFileType = sourcecode.swift; path = InitializableWithCloudKitRecordAndReferences.swift; sourceTree = "<group>"; };
		49B182D11C33807000529B08 /* Array.swift */ = {isa = PBXFileReference; fileEncoding = 4; lastKnownFileType = sourcecode.swift; path = Array.swift; sourceTree = "<group>"; };
		49B182D21C33807000529B08 /* Bool.swift */ = {isa = PBXFileReference; fileEncoding = 4; lastKnownFileType = sourcecode.swift; path = Bool.swift; sourceTree = "<group>"; };
		49B182D31C33807000529B08 /* Dictionary.swift */ = {isa = PBXFileReference; fileEncoding = 4; lastKnownFileType = sourcecode.swift; path = Dictionary.swift; sourceTree = "<group>"; };
		49B182D41C33807000529B08 /* Equatable.swift */ = {isa = PBXFileReference; fileEncoding = 4; lastKnownFileType = sourcecode.swift; path = Equatable.swift; sourceTree = "<group>"; };
		49B182D51C33807000529B08 /* integers.swift */ = {isa = PBXFileReference; fileEncoding = 4; lastKnownFileType = sourcecode.swift; path = integers.swift; sourceTree = "<group>"; };
		49B182D61C33807000529B08 /* OptionSetType.swift */ = {isa = PBXFileReference; fileEncoding = 4; lastKnownFileType = sourcecode.swift; path = OptionSetType.swift; sourceTree = "<group>"; };
		49B182D71C33807000529B08 /* Sequence.swift */ = {isa = PBXFileReference; fileEncoding = 4; lastKnownFileType = sourcecode.swift; path = Sequence.swift; sourceTree = "<group>"; };
		49B182D91C33807000529B08 /* SetAlgebra.swift */ = {isa = PBXFileReference; fileEncoding = 4; lastKnownFileType = sourcecode.swift; path = SetAlgebra.swift; sourceTree = "<group>"; };
		49B182DA1C33807000529B08 /* String.swift */ = {isa = PBXFileReference; fileEncoding = 4; lastKnownFileType = sourcecode.swift; path = String.swift; sourceTree = "<group>"; };
		49B182E61C33839900529B08 /* ArrayTestCase.swift */ = {isa = PBXFileReference; fileEncoding = 4; lastKnownFileType = sourcecode.swift; path = ArrayTestCase.swift; sourceTree = "<group>"; };
		49B182E81C338D6900529B08 /* BoolTestCase.swift */ = {isa = PBXFileReference; fileEncoding = 4; lastKnownFileType = sourcecode.swift; path = BoolTestCase.swift; sourceTree = "<group>"; };
		49BF898D1C3878EB0050A49B /* MultiClosureTestCase.swift */ = {isa = PBXFileReference; fileEncoding = 4; lastKnownFileType = sourcecode.swift; name = MultiClosureTestCase.swift; path = Swift/MultiClosureTestCase.swift; sourceTree = "<group>"; };
		49BF898F1C38C8FD0050A49B /* InitializableWithParameters.swift */ = {isa = PBXFileReference; fileEncoding = 4; lastKnownFileType = sourcecode.swift; path = InitializableWithParameters.swift; sourceTree = "<group>"; };
		49C4342E1C34D73400B6C530 /* SetAlgebraTypeTestCase.swift */ = {isa = PBXFileReference; fileEncoding = 4; lastKnownFileType = sourcecode.swift; path = SetAlgebraTypeTestCase.swift; sourceTree = "<group>"; };
		49C434301C34DCD400B6C530 /* OptionSetTestCase.swift */ = {isa = PBXFileReference; fileEncoding = 4; lastKnownFileType = sourcecode.swift; path = OptionSetTestCase.swift; sourceTree = "<group>"; };
		49C434321C34F02700B6C530 /* StringTestCase.swift */ = {isa = PBXFileReference; fileEncoding = 4; lastKnownFileType = sourcecode.swift; path = StringTestCase.swift; sourceTree = "<group>"; };
		49C434391C35DCF900B6C530 /* ComputedProperty.swift */ = {isa = PBXFileReference; fileEncoding = 4; lastKnownFileType = sourcecode.swift; path = ComputedProperty.swift; sourceTree = "<group>"; };
		49C4343B1C35E10900B6C530 /* PropertiesTestCase.swift */ = {isa = PBXFileReference; fileEncoding = 4; lastKnownFileType = sourcecode.swift; name = PropertiesTestCase.swift; path = Swift/Properties/PropertiesTestCase.swift; sourceTree = "<group>"; };
		49C4346F1C37613900B6C530 /* ReferencersTestCase.swift */ = {isa = PBXFileReference; fileEncoding = 4; lastKnownFileType = sourcecode.swift; name = ReferencersTestCase.swift; path = Swift/ReferencersTestCase.swift; sourceTree = "<group>"; };
		49C434731C379F0000B6C530 /* NilClosuresTestCase.swift */ = {isa = PBXFileReference; fileEncoding = 4; lastKnownFileType = sourcecode.swift; name = NilClosuresTestCase.swift; path = Swift/NilClosuresTestCase.swift; sourceTree = "<group>"; };
		49C526E11DB6D54A0036B020 /* CKModifyRecordsOperation.swift */ = {isa = PBXFileReference; fileEncoding = 4; lastKnownFileType = sourcecode.swift; path = CKModifyRecordsOperation.swift; sourceTree = "<group>"; };
		49C526E61DB6DA4A0036B020 /* CKModifyRecordsOperationTestCase.swift */ = {isa = PBXFileReference; fileEncoding = 4; lastKnownFileType = sourcecode.swift; name = CKModifyRecordsOperationTestCase.swift; path = CloudKit/CKModifyRecordsOperationTestCase.swift; sourceTree = "<group>"; };
		49C526E81DB6E8C50036B020 /* CKDatabaseTestCase.swift */ = {isa = PBXFileReference; fileEncoding = 4; lastKnownFileType = sourcecode.swift; name = CKDatabaseTestCase.swift; path = CloudKit/CKDatabaseTestCase.swift; sourceTree = "<group>"; };
		49CBDFF11C3329EF00E8EFCC /* HM.framework */ = {isa = PBXFileReference; explicitFileType = wrapper.framework; includeInIndex = 0; path = HM.framework; sourceTree = BUILT_PRODUCTS_DIR; };
		49CBDFF41C3329EF00E8EFCC /* HemiprocneMystacea.h */ = {isa = PBXFileReference; lastKnownFileType = sourcecode.c.h; path = HemiprocneMystacea.h; sourceTree = "<group>"; };
		49CBDFF61C3329EF00E8EFCC /* Info.plist */ = {isa = PBXFileReference; lastKnownFileType = text.plist.xml; path = Info.plist; sourceTree = "<group>"; };
		49CBDFFB1C3329EF00E8EFCC /* HemiprocneMystaceaTests.xctest */ = {isa = PBXFileReference; explicitFileType = wrapper.cfbundle; includeInIndex = 0; path = HemiprocneMystaceaTests.xctest; sourceTree = BUILT_PRODUCTS_DIR; };
		49CBE0021C3329EF00E8EFCC /* Info.plist */ = {isa = PBXFileReference; lastKnownFileType = text.plist.xml; path = Info.plist; sourceTree = "<group>"; };
		49CBE0711C332ADE00E8EFCC /* CNContainer.swift */ = {isa = PBXFileReference; fileEncoding = 4; lastKnownFileType = sourcecode.swift; path = CNContainer.swift; sourceTree = "<group>"; };
		49CBE07A1C332ADE00E8EFCC /* FileInfo.swift */ = {isa = PBXFileReference; fileEncoding = 4; lastKnownFileType = sourcecode.swift; path = FileInfo.swift; sourceTree = "<group>"; };
		49CBE07E1C332ADE00E8EFCC /* UserDefaults+Setting.swift */ = {isa = PBXFileReference; fileEncoding = 4; lastKnownFileType = sourcecode.swift; path = "UserDefaults+Setting.swift"; sourceTree = "<group>"; };
		49CBE0811C332ADE00E8EFCC /* BitShiftable.swift */ = {isa = PBXFileReference; fileEncoding = 4; lastKnownFileType = sourcecode.swift; path = BitShiftable.swift; sourceTree = "<group>"; };
		49CBE0871C332ADE00E8EFCC /* EquatableClass.swift */ = {isa = PBXFileReference; fileEncoding = 4; lastKnownFileType = sourcecode.swift; path = EquatableClass.swift; sourceTree = "<group>"; };
		49CBE0881C332ADE00E8EFCC /* HashableClass.swift */ = {isa = PBXFileReference; fileEncoding = 4; lastKnownFileType = sourcecode.swift; path = HashableClass.swift; sourceTree = "<group>"; };
		49CBE08C1C332ADE00E8EFCC /* MultiClosure.swift */ = {isa = PBXFileReference; fileEncoding = 4; lastKnownFileType = sourcecode.swift; path = MultiClosure.swift; sourceTree = "<group>"; };
		49CBE08D1C332ADE00E8EFCC /* nil closures.swift */ = {isa = PBXFileReference; fileEncoding = 4; lastKnownFileType = sourcecode.swift; path = "nil closures.swift"; sourceTree = "<group>"; };
		49CBE08F1C332ADE00E8EFCC /* operators.swift */ = {isa = PBXFileReference; fileEncoding = 4; lastKnownFileType = sourcecode.swift; path = operators.swift; sourceTree = "<group>"; };
		49CBE0911C332ADE00E8EFCC /* ….swift */ = {isa = PBXFileReference; fileEncoding = 4; lastKnownFileType = sourcecode.swift; path = "….swift"; sourceTree = "<group>"; };
		49CBE0941C332ADE00E8EFCC /* Referencers.swift */ = {isa = PBXFileReference; fileEncoding = 4; lastKnownFileType = sourcecode.swift; path = Referencers.swift; sourceTree = "<group>"; };
		49CBE09C1C332ADE00E8EFCC /* UIAlertController.swift */ = {isa = PBXFileReference; fileEncoding = 4; lastKnownFileType = sourcecode.swift; path = UIAlertController.swift; sourceTree = "<group>"; };
		49CBE09D1C332ADE00E8EFCC /* UIButton.swift */ = {isa = PBXFileReference; fileEncoding = 4; lastKnownFileType = sourcecode.swift; path = UIButton.swift; sourceTree = "<group>"; };
		49CBE09E1C332ADE00E8EFCC /* reusableCells.swift */ = {isa = PBXFileReference; fileEncoding = 4; lastKnownFileType = sourcecode.swift; path = reusableCells.swift; sourceTree = "<group>"; };
		49CBE0A01C332ADE00E8EFCC /* UILabel.swift */ = {isa = PBXFileReference; fileEncoding = 4; lastKnownFileType = sourcecode.swift; path = UILabel.swift; sourceTree = "<group>"; };
		49CBE0A21C332ADE00E8EFCC /* UIPageViewControllerDataSourceWithConnections.swift */ = {isa = PBXFileReference; fileEncoding = 4; lastKnownFileType = sourcecode.swift; path = UIPageViewControllerDataSourceWithConnections.swift; sourceTree = "<group>"; };
		49CBE0A51C332ADE00E8EFCC /* UIViewController.swift */ = {isa = PBXFileReference; fileEncoding = 4; lastKnownFileType = sourcecode.swift; path = UIViewController.swift; sourceTree = "<group>"; };
		49DBA1E21CD940BF0058181A /* UIAlertAction.swift */ = {isa = PBXFileReference; fileEncoding = 4; lastKnownFileType = sourcecode.swift; path = UIAlertAction.swift; sourceTree = "<group>"; };
		49E4AD111C45ABD4007BCBA5 /* UIButtonTestCase.swift */ = {isa = PBXFileReference; fileEncoding = 4; lastKnownFileType = sourcecode.swift; name = UIButtonTestCase.swift; path = UIKit/UIButtonTestCase.swift; sourceTree = "<group>"; };
		49EF28031D7D0E0E00993226 /* ViewControllerWithDependentOutlets.swift */ = {isa = PBXFileReference; fileEncoding = 4; lastKnownFileType = sourcecode.swift; path = ViewControllerWithDependentOutlets.swift; sourceTree = "<group>"; };
		49F6DE371D972D70004B91B6 /* injectDependencies.swift */ = {isa = PBXFileReference; fileEncoding = 4; lastKnownFileType = sourcecode.swift; path = injectDependencies.swift; sourceTree = "<group>"; };
		49FA036B1D82A43B0092026E /* SummableUsingInstanceZero.swift */ = {isa = PBXFileReference; fileEncoding = 4; lastKnownFileType = sourcecode.swift; path = SummableUsingInstanceZero.swift; sourceTree = "<group>"; };
		49FCA3A61E3758650018B5EF /* UICollectionViewTestCase.swift */ = {isa = PBXFileReference; fileEncoding = 4; lastKnownFileType = sourcecode.swift; name = UICollectionViewTestCase.swift; path = UIKit/UICollectionViewTestCase.swift; sourceTree = "<group>"; };
		49FCA3A81E375D9A0018B5EF /* UITableViewTestCase.swift */ = {isa = PBXFileReference; fileEncoding = 4; lastKnownFileType = sourcecode.swift; name = UITableViewTestCase.swift; path = UIKit/UITableViewTestCase.swift; sourceTree = "<group>"; };
		49FCF0711C34CDB4005338F6 /* IntegersTestCase.swift */ = {isa = PBXFileReference; fileEncoding = 4; lastKnownFileType = sourcecode.swift; path = IntegersTestCase.swift; sourceTree = "<group>"; };
		49FCF0731C34D06E005338F6 /* SetTestCase.swift */ = {isa = PBXFileReference; fileEncoding = 4; lastKnownFileType = sourcecode.swift; path = SetTestCase.swift; sourceTree = "<group>"; };
		49FD14F01CD91A940067F27E /* CABasicAnimation.swift */ = {isa = PBXFileReference; fileEncoding = 4; lastKnownFileType = sourcecode.swift; name = CABasicAnimation.swift; path = QuartzCore/CABasicAnimation.swift; sourceTree = "<group>"; };
		49FD14F31CD91C070067F27E /* CABasicAnimation.Values.swift */ = {isa = PBXFileReference; fileEncoding = 4; lastKnownFileType = sourcecode.swift; name = CABasicAnimation.Values.swift; path = QuartzCore/CABasicAnimation/CABasicAnimation.Values.swift; sourceTree = "<group>"; };
		49FD14F61CD91D470067F27E /* CABasicAnimationTestCase.swift */ = {isa = PBXFileReference; fileEncoding = 4; lastKnownFileType = sourcecode.swift; name = CABasicAnimationTestCase.swift; path = QuartzCore/CABasicAnimationTestCase.swift; sourceTree = "<group>"; };
		E348A42F1D08C085003D8024 /* CGRect.swift */ = {isa = PBXFileReference; fileEncoding = 4; lastKnownFileType = sourcecode.swift; name = CGRect.swift; path = "HemiprocneMystacea/Core Graphics/CGRect.swift"; sourceTree = SOURCE_ROOT; };
		E348A4321D08C0DE003D8024 /* CGSize.swift */ = {isa = PBXFileReference; fileEncoding = 4; lastKnownFileType = sourcecode.swift; name = CGSize.swift; path = "HemiprocneMystacea/Core Graphics/CGSize.swift"; sourceTree = SOURCE_ROOT; };
		E348A4341D08C146003D8024 /* Optional.swift */ = {isa = PBXFileReference; fileEncoding = 4; lastKnownFileType = sourcecode.swift; path = Optional.swift; sourceTree = "<group>"; };
		E348A4361D08C1B0003D8024 /* getMethod.swift */ = {isa = PBXFileReference; fileEncoding = 4; lastKnownFileType = sourcecode.swift; path = getMethod.swift; sourceTree = "<group>"; };
		E348A4381D08CB03003D8024 /* ObservedProperty.swift */ = {isa = PBXFileReference; fileEncoding = 4; lastKnownFileType = sourcecode.swift; path = ObservedProperty.swift; sourceTree = "<group>"; };
		E3A83B3A1D099C7B000D7B08 /* Property.swift */ = {isa = PBXFileReference; fileEncoding = 4; lastKnownFileType = sourcecode.swift; path = Property.swift; sourceTree = "<group>"; };
		E3BE34031D0B2688008D532C /* JSON.swift */ = {isa = PBXFileReference; fileEncoding = 4; lastKnownFileType = sourcecode.swift; path = JSON.swift; sourceTree = "<group>"; };
		E3BE340A1D0EF2A0008D532C /* weakClosure.swift */ = {isa = PBXFileReference; fileEncoding = 4; lastKnownFileType = sourcecode.swift; path = weakClosure.swift; sourceTree = "<group>"; };
/* End PBXFileReference section */

/* Begin PBXFrameworksBuildPhase section */
		0A72FC1D1D4081580041845B /* Frameworks */ = {
			isa = PBXFrameworksBuildPhase;
			buildActionMask = 2147483647;
			files = (
			);
			runOnlyForDeploymentPostprocessing = 0;
		};
		49CBDFED1C3329EF00E8EFCC /* Frameworks */ = {
			isa = PBXFrameworksBuildPhase;
			buildActionMask = 2147483647;
			files = (
			);
			runOnlyForDeploymentPostprocessing = 0;
		};
		49CBDFF81C3329EF00E8EFCC /* Frameworks */ = {
			isa = PBXFrameworksBuildPhase;
			buildActionMask = 2147483647;
			files = (
				49CBDFFC1C3329EF00E8EFCC /* HM.framework in Frameworks */,
			);
			runOnlyForDeploymentPostprocessing = 0;
		};
/* End PBXFrameworksBuildPhase section */

/* Begin PBXGroup section */
		0A72FC221D4081580041845B /* HemiprocneMystaceaTV */ = {
			isa = PBXGroup;
			children = (
				0A72FC231D4081580041845B /* HemiprocneMystaceaTV.h */,
				0A72FC241D4081580041845B /* Info.plist */,
			);
			path = HemiprocneMystaceaTV;
			sourceTree = "<group>";
		};
		498F6CC81D3EBBFE006534BF /* SerializableDictionary */ = {
			isa = PBXGroup;
			children = (
				499C71911D0F7636009797BC /* SerializableDictionaryTestCase.swift */,
				498F6CC91D3EBC20006534BF /* ConvertibleToSerializableDictionaryTestCase.swift */,
			);
			name = SerializableDictionary;
			path = Foundation/SerializableDictionary;
			sourceTree = "<group>";
		};
		499C71901D0F761B009797BC /* Core Graphics */ = {
			isa = PBXGroup;
			children = (
				4966E4CE1E3C5AA300199496 /* CGPointTestCase.swift */,
				49A4861B1D09132500A55CCD /* CGRectTestCase.swift */,
				499C71931D0F7E94009797BC /* CGSizeTestCase.swift */,
			);
			name = "Core Graphics";
			sourceTree = "<group>";
		};
		49A36BDB1D407C6A00A4BFEB /* CloudKit */ = {
			isa = PBXGroup;
			children = (
				49C526E41DB6D5830036B020 /* extension */,
				492404E71E39F0E9005BD973 /* CloudKitBackReferenced.swift */,
				492404E41E39D438005BD973 /* CloudKitBackReferencer.swift */,
				497EFE891DB640DE00DEC825 /* ConvertibleToCloudKitRecord.swift */,
				49A36BDC1D407CA200A4BFEB /* InitializableWithCloudKitRecord.swift */,
				49B159531E39FD86003A0034 /* InitializableWithCloudKitRecordAndReferences.swift */,
			);
			path = CloudKit;
			sourceTree = "<group>";
		};
		49A6C95D1E47756A00CF5FFB /* SerializableDictionary */ = {
			isa = PBXGroup;
			children = (
				49A6C9571E476D6700CF5FFB /* SerializableDictionary.swift */,
				49A6C95A1E47756300CF5FFB /* InitializableWithSerializableDictionary.swift */,
				498F6CC51D3EBA20006534BF /* ConvertibleToSerializableDictionary.swift */,
				E3BE34031D0B2688008D532C /* JSON.swift */,
				49AC70201E476AEC00342DB3 /* PropertyList.swift */,
			);
			path = SerializableDictionary;
			sourceTree = "<group>";
		};
		49AE42691D10CC0E0013301A /* Operators */ = {
			isa = PBXGroup;
			children = (
				49AE426A1D10CE010013301A /* …TestCase.swift */,
			);
			name = Operators;
			sourceTree = "<group>";
		};
		49B182CF1C337D6800529B08 /* Swift */ = {
			isa = PBXGroup;
			children = (
				49B182E51C33807C00529B08 /* Extensions */,
				49AE42691D10CC0E0013301A /* Operators */,
				49817E611D2CAE0B0025A6CA /* errorsTestCase.swift */,
				49817E5D1D2C9BD20025A6CA /* getMethodTestCase.swift */,
				499C71951D0F8079009797BC /* MakeGetTestCase.swift */,
				4969F44F1E0E4CCE0005A4FA /* NamedSubscriptTestCase.swift */,
				49C434731C379F0000B6C530 /* NilClosuresTestCase.swift */,
				49BF898D1C3878EB0050A49B /* MultiClosureTestCase.swift */,
				49C4343B1C35E10900B6C530 /* PropertiesTestCase.swift */,
				49C4346F1C37613900B6C530 /* ReferencersTestCase.swift */,
			);
			name = Swift;
			sourceTree = "<group>";
		};
		49B182D01C33807000529B08 /* Extensions */ = {
			isa = PBXGroup;
			children = (
				49B182D51C33807000529B08 /* integers.swift */,
				49B182D11C33807000529B08 /* Array.swift */,
				49B182D21C33807000529B08 /* Bool.swift */,
				49B182D31C33807000529B08 /* Dictionary.swift */,
				49B182D41C33807000529B08 /* Equatable.swift */,
				498B54C61D828CF300C07620 /* FloatingPoint.swift */,
				49B182D61C33807000529B08 /* OptionSetType.swift */,
				E348A4341D08C146003D8024 /* Optional.swift */,
				497EFE8C1DB6472700DEC825 /* RawRepresentable.swift */,
				49B182D71C33807000529B08 /* Sequence.swift */,
				49B182D91C33807000529B08 /* SetAlgebra.swift */,
				49B182DA1C33807000529B08 /* String.swift */,
			);
			path = Extensions;
			sourceTree = "<group>";
		};
		49B182E51C33807C00529B08 /* Extensions */ = {
			isa = PBXGroup;
			children = (
				49FCF0711C34CDB4005338F6 /* IntegersTestCase.swift */,
				49B182E61C33839900529B08 /* ArrayTestCase.swift */,
				49B182E81C338D6900529B08 /* BoolTestCase.swift */,
				4976CB281C497F8E00F60E36 /* DictionaryTestCase.swift */,
				496BFBBD1C3A37A6006E6CC4 /* EquatableTestCase.swift */,
				498B54C91D828D1C00C07620 /* FloatingPointTestCase.swift */,
				49C434301C34DCD400B6C530 /* OptionSetTestCase.swift */,
				49A4861D1D09184B00A55CCD /* OptionalTestCase.swift */,
				497EFE8F1DB6476E00DEC825 /* RawRepresentableTestCase.swift */,
				0A8DEF841C48993B00DF1CF7 /* SequenceTestCase.swift */,
				49FCF0731C34D06E005338F6 /* SetTestCase.swift */,
				49C4342E1C34D73400B6C530 /* SetAlgebraTypeTestCase.swift */,
				49C434321C34F02700B6C530 /* StringTestCase.swift */,
			);
			name = Extensions;
			path = Swift/Extensions;
			sourceTree = "<group>";
		};
		49C434361C35DCCF00B6C530 /* Properties */ = {
			isa = PBXGroup;
			children = (
				E3A83B3A1D099C7B000D7B08 /* Property.swift */,
				49C434391C35DCF900B6C530 /* ComputedProperty.swift */,
				E348A4381D08CB03003D8024 /* ObservedProperty.swift */,
			);
			path = Properties;
			sourceTree = "<group>";
		};
		49C4346C1C375BB400B6C530 /* Foundation */ = {
			isa = PBXGroup;
			children = (
				4969F44D1E0E40D40005A4FA /* IndexPathTestCase.swift */,
				0A6793341D8315720098D1E7 /* MeasurementTestCase.swift */,
				498F6CC81D3EBBFE006534BF /* SerializableDictionary */,
			);
			name = Foundation;
			sourceTree = "<group>";
		};
		49C526E41DB6D5830036B020 /* extension */ = {
			isa = PBXGroup;
			children = (
				498880841D58BFB400AE24FC /* CKAsset.swift */,
				49A36BD91D407C6200A4BFEB /* CKDatabase.swift */,
				499CA3371D4BE4660049F0AB /* CKFetchRecordsOperation.swift */,
				49C526E11DB6D54A0036B020 /* CKModifyRecordsOperation.swift */,
				49A36BDE1D407CD200A4BFEB /* CKRecord.swift */,
			);
			path = extension;
			sourceTree = "<group>";
		};
		49C526E51DB6DA1D0036B020 /* CloudKit */ = {
			isa = PBXGroup;
			children = (
				49C526E81DB6E8C50036B020 /* CKDatabaseTestCase.swift */,
				0A5F8A701DB6527D00285094 /* CKRecordTestCase.swift */,
				49C526E61DB6DA4A0036B020 /* CKModifyRecordsOperationTestCase.swift */,
			);
			name = CloudKit;
			sourceTree = "<group>";
		};
		49CBDFE71C3329EF00E8EFCC = {
			isa = PBXGroup;
			children = (
				49CBDFF31C3329EF00E8EFCC /* HemiprocneMystacea */,
				49CBDFFF1C3329EF00E8EFCC /* HemiprocneMystaceaTests */,
				0A72FC221D4081580041845B /* HemiprocneMystaceaTV */,
				49CBDFF21C3329EF00E8EFCC /* Products */,
			);
			sourceTree = "<group>";
		};
		49CBDFF21C3329EF00E8EFCC /* Products */ = {
			isa = PBXGroup;
			children = (
				49CBDFF11C3329EF00E8EFCC /* HM.framework */,
				49CBDFFB1C3329EF00E8EFCC /* HemiprocneMystaceaTests.xctest */,
				0A72FC211D4081580041845B /* HM.framework */,
			);
			name = Products;
			sourceTree = "<group>";
		};
		49CBDFF31C3329EF00E8EFCC /* HemiprocneMystacea */ = {
			isa = PBXGroup;
			children = (
				49CBDFF41C3329EF00E8EFCC /* HemiprocneMystacea.h */,
				49CBDFF61C3329EF00E8EFCC /* Info.plist */,
				49A36BDB1D407C6A00A4BFEB /* CloudKit */,
				49CBE0701C332ADE00E8EFCC /* Contacts */,
				E348A4311D08C08B003D8024 /* Core Graphics */,
				49CBE0791C332ADE00E8EFCC /* Foundation */,
				49FD14EF1CD91A240067F27E /* QuartzCore */,
				49CBE07F1C332ADE00E8EFCC /* Swift */,
				49CBE09A1C332ADE00E8EFCC /* UIKit */,
			);
			path = HemiprocneMystacea;
			sourceTree = "<group>";
		};
		49CBDFFF1C3329EF00E8EFCC /* HemiprocneMystaceaTests */ = {
			isa = PBXGroup;
			children = (
				49CBE0021C3329EF00E8EFCC /* Info.plist */,
				49C526E51DB6DA1D0036B020 /* CloudKit */,
				499C71901D0F761B009797BC /* Core Graphics */,
				49C4346C1C375BB400B6C530 /* Foundation */,
				49FD14F51CD91D1F0067F27E /* QuartzCore */,
				49B182CF1C337D6800529B08 /* Swift */,
				49E4AD131C45ABDC007BCBA5 /* UIKit */,
			);
			path = HemiprocneMystaceaTests;
			sourceTree = "<group>";
		};
		49CBE0701C332ADE00E8EFCC /* Contacts */ = {
			isa = PBXGroup;
			children = (
				49CBE0711C332ADE00E8EFCC /* CNContainer.swift */,
			);
			path = Contacts;
			sourceTree = "<group>";
		};
		49CBE0791C332ADE00E8EFCC /* Foundation */ = {
			isa = PBXGroup;
			children = (
				49CBE07A1C332ADE00E8EFCC /* FileInfo.swift */,
				4969F44A1E0E3D1C0005A4FA /* IndexPath.swift */,
				49AC701D1E4761E500342DB3 /* PropertyListSerialization.swift */,
				49A6C95D1E47756A00CF5FFB /* SerializableDictionary */,
				49CBE07E1C332ADE00E8EFCC /* UserDefaults+Setting.swift */,
			);
			path = Foundation;
			sourceTree = "<group>";
		};
		49CBE07F1C332ADE00E8EFCC /* Swift */ = {
			isa = PBXGroup;
			children = (
				49B182D01C33807000529B08 /* Extensions */,
				49CBE08E1C332ADE00E8EFCC /* Operators */,
				49C434361C35DCCF00B6C530 /* Properties */,
				49817E5F1D2CA99A0025A6CA /* errors.swift */,
				E348A4361D08C1B0003D8024 /* getMethod.swift */,
				49F6DE371D972D70004B91B6 /* injectDependencies.swift */,
				496563B71DB65C31002B7623 /* keyValueSubscript.swift */,
				4993AD321DD99155007C7525 /* named subscripts.swift */,
				49CBE08D1C332ADE00E8EFCC /* nil closures.swift */,
				49A1982D1D62B358005C251A /* typealiases.swift */,
				E3BE340A1D0EF2A0008D532C /* weakClosure.swift */,
				49CBE0811C332ADE00E8EFCC /* BitShiftable.swift */,
				49CBE0871C332ADE00E8EFCC /* EquatableClass.swift */,
				49CBE0881C332ADE00E8EFCC /* HashableClass.swift */,
				49BF898F1C38C8FD0050A49B /* InitializableWithParameters.swift */,
				49CBE08C1C332ADE00E8EFCC /* MultiClosure.swift */,
				49CBE0941C332ADE00E8EFCC /* Referencers.swift */,
				49FA036B1D82A43B0092026E /* SummableUsingInstanceZero.swift */,
			);
			path = Swift;
			sourceTree = "<group>";
		};
		49CBE08E1C332ADE00E8EFCC /* Operators */ = {
			isa = PBXGroup;
			children = (
				49CBE08F1C332ADE00E8EFCC /* operators.swift */,
				49CBE0911C332ADE00E8EFCC /* ….swift */,
			);
			path = Operators;
			sourceTree = "<group>";
		};
		49CBE09A1C332ADE00E8EFCC /* UIKit */ = {
			isa = PBXGroup;
			children = (
				49CBE09E1C332ADE00E8EFCC /* reusableCells.swift */,
				49EF28031D7D0E0E00993226 /* ViewControllerWithDependentOutlets.swift */,
				49DBA1E21CD940BF0058181A /* UIAlertAction.swift */,
				49CBE09C1C332ADE00E8EFCC /* UIAlertController.swift */,
				4926349E1D877E2D00AD131D /* UIApplicationDelegate.swift */,
				491278671CDD2EDC00AAFE7C /* UIBarButtonItem.swift */,
				49CBE09D1C332ADE00E8EFCC /* UIButton.swift */,
				494A99371E37253400F6A51D /* UICollectionView.swift */,
				497F56891E3C494F0066CD1E /* UIColor.swift */,
				49CBE0A01C332ADE00E8EFCC /* UILabel.swift */,
				49CBE0A21C332ADE00E8EFCC /* UIPageViewControllerDataSourceWithConnections.swift */,
				494A993A1E37261800F6A51D /* UITableView.swift */,
				49CBE0A51C332ADE00E8EFCC /* UIViewController.swift */,
			);
			path = UIKit;
			sourceTree = "<group>";
		};
		49E4AD131C45ABDC007BCBA5 /* UIKit */ = {
			isa = PBXGroup;
			children = (
				49E4AD111C45ABD4007BCBA5 /* UIButtonTestCase.swift */,
				49FCA3A61E3758650018B5EF /* UICollectionViewTestCase.swift */,
				497F56991E3C52690066CD1E /* UIColorTestCase.swift */,
				497190C81DDA3EA1009FD361 /* UIPageViewControllerDataSourceWithConnectedViewControllersTestCase.swift */,
				49FCA3A81E375D9A0018B5EF /* UITableViewTestCase.swift */,
			);
			name = UIKit;
			sourceTree = "<group>";
		};
		49FD14EF1CD91A240067F27E /* QuartzCore */ = {
			isa = PBXGroup;
			children = (
				49FD14F21CD91BE00067F27E /* CABasicAnimation */,
				497F568C1E3C4BC40066CD1E /* CALayer.swift */,
				497F568F1E3C4C5D0066CD1E /* CATransform3D.swift */,
			);
			name = QuartzCore;
			sourceTree = "<group>";
		};
		49FD14F21CD91BE00067F27E /* CABasicAnimation */ = {
			isa = PBXGroup;
			children = (
				49FD14F01CD91A940067F27E /* CABasicAnimation.swift */,
				49FD14F31CD91C070067F27E /* CABasicAnimation.Values.swift */,
			);
			name = CABasicAnimation;
			sourceTree = "<group>";
		};
		49FD14F51CD91D1F0067F27E /* QuartzCore */ = {
			isa = PBXGroup;
			children = (
				49FD14F61CD91D470067F27E /* CABasicAnimationTestCase.swift */,
				4966E4D01E3C5C0700199496 /* CALayerTestCase.swift */,
			);
			name = QuartzCore;
			sourceTree = "<group>";
		};
		E348A4311D08C08B003D8024 /* Core Graphics */ = {
			isa = PBXGroup;
			children = (
				497F569B1E3C55B50066CD1E /* CGPoint.swift */,
				E348A42F1D08C085003D8024 /* CGRect.swift */,
				E348A4321D08C0DE003D8024 /* CGSize.swift */,
			);
			name = "Core Graphics";
			path = "Core Data";
			sourceTree = "<group>";
		};
/* End PBXGroup section */

/* Begin PBXHeadersBuildPhase section */
		0A72FC1E1D4081580041845B /* Headers */ = {
			isa = PBXHeadersBuildPhase;
			buildActionMask = 2147483647;
			files = (
				0A72FC311D4081580041845B /* HemiprocneMystaceaTV.h in Headers */,
				0A72FC381D40819D0041845B /* HemiprocneMystacea.h in Headers */,
			);
			runOnlyForDeploymentPostprocessing = 0;
		};
		49CBDFEE1C3329EF00E8EFCC /* Headers */ = {
			isa = PBXHeadersBuildPhase;
			buildActionMask = 2147483647;
			files = (
				49CBDFF51C3329EF00E8EFCC /* HemiprocneMystacea.h in Headers */,
			);
			runOnlyForDeploymentPostprocessing = 0;
		};
/* End PBXHeadersBuildPhase section */

/* Begin PBXNativeTarget section */
		0A72FC201D4081580041845B /* HemiprocneMystaceaTV */ = {
			isa = PBXNativeTarget;
			buildConfigurationList = 0A72FC361D4081580041845B /* Build configuration list for PBXNativeTarget "HemiprocneMystaceaTV" */;
			buildPhases = (
				0A72FC1C1D4081580041845B /* Sources */,
				0A72FC1D1D4081580041845B /* Frameworks */,
				0A72FC1E1D4081580041845B /* Headers */,
				0A72FC1F1D4081580041845B /* Resources */,
			);
			buildRules = (
			);
			dependencies = (
			);
			name = HemiprocneMystaceaTV;
			productName = HemiprocneMystaceaTV;
			productReference = 0A72FC211D4081580041845B /* HM.framework */;
			productType = "com.apple.product-type.framework";
		};
		49CBDFF01C3329EF00E8EFCC /* HemiprocneMystacea */ = {
			isa = PBXNativeTarget;
			buildConfigurationList = 49CBE0051C3329EF00E8EFCC /* Build configuration list for PBXNativeTarget "HemiprocneMystacea" */;
			buildPhases = (
				49CBDFEC1C3329EF00E8EFCC /* Sources */,
				49CBDFED1C3329EF00E8EFCC /* Frameworks */,
				49CBDFEE1C3329EF00E8EFCC /* Headers */,
				49CBDFEF1C3329EF00E8EFCC /* Resources */,
				E348A42D1D08BA91003D8024 /* ShellScript */,
			);
			buildRules = (
			);
			dependencies = (
			);
			name = HemiprocneMystacea;
			productName = HemiprocneMystacea;
			productReference = 49CBDFF11C3329EF00E8EFCC /* HM.framework */;
			productType = "com.apple.product-type.framework";
		};
		49CBDFFA1C3329EF00E8EFCC /* HemiprocneMystaceaTests */ = {
			isa = PBXNativeTarget;
			buildConfigurationList = 49CBE0081C3329EF00E8EFCC /* Build configuration list for PBXNativeTarget "HemiprocneMystaceaTests" */;
			buildPhases = (
				49CBDFF71C3329EF00E8EFCC /* Sources */,
				49CBDFF81C3329EF00E8EFCC /* Frameworks */,
				49CBDFF91C3329EF00E8EFCC /* Resources */,
			);
			buildRules = (
			);
			dependencies = (
				49CBDFFE1C3329EF00E8EFCC /* PBXTargetDependency */,
			);
			name = HemiprocneMystaceaTests;
			productName = HemiprocneMystaceaTests;
			productReference = 49CBDFFB1C3329EF00E8EFCC /* HemiprocneMystaceaTests.xctest */;
			productType = "com.apple.product-type.bundle.unit-test";
		};
/* End PBXNativeTarget section */

/* Begin PBXProject section */
		49CBDFE81C3329EF00E8EFCC /* Project object */ = {
			isa = PBXProject;
			attributes = {
				LastSwiftUpdateCheck = 0800;
				LastUpgradeCheck = 0820;
				ORGANIZATIONNAME = Catterwaul;
				TargetAttributes = {
					0A72FC201D4081580041845B = {
						CreatedOnToolsVersion = 8.0;
						DevelopmentTeam = 4AQJ37X836;
						DevelopmentTeamName = "Jessy Catterwaul";
						ProvisioningStyle = Automatic;
					};
					49CBDFF01C3329EF00E8EFCC = {
						CreatedOnToolsVersion = 7.2;
						LastSwiftMigration = 0800;
					};
					49CBDFFA1C3329EF00E8EFCC = {
						CreatedOnToolsVersion = 7.2;
						LastSwiftMigration = 0800;
					};
				};
			};
			buildConfigurationList = 49CBDFEB1C3329EF00E8EFCC /* Build configuration list for PBXProject "HemiprocneMystacea" */;
			compatibilityVersion = "Xcode 3.2";
			developmentRegion = English;
			hasScannedForEncodings = 0;
			knownRegions = (
				en,
			);
			mainGroup = 49CBDFE71C3329EF00E8EFCC;
			productRefGroup = 49CBDFF21C3329EF00E8EFCC /* Products */;
			projectDirPath = "";
			projectRoot = "";
			targets = (
				49CBDFF01C3329EF00E8EFCC /* HemiprocneMystacea */,
				49CBDFFA1C3329EF00E8EFCC /* HemiprocneMystaceaTests */,
				0A72FC201D4081580041845B /* HemiprocneMystaceaTV */,
			);
		};
/* End PBXProject section */

/* Begin PBXResourcesBuildPhase section */
		0A72FC1F1D4081580041845B /* Resources */ = {
			isa = PBXResourcesBuildPhase;
			buildActionMask = 2147483647;
			files = (
			);
			runOnlyForDeploymentPostprocessing = 0;
		};
		49CBDFEF1C3329EF00E8EFCC /* Resources */ = {
			isa = PBXResourcesBuildPhase;
			buildActionMask = 2147483647;
			files = (
			);
			runOnlyForDeploymentPostprocessing = 0;
		};
		49CBDFF91C3329EF00E8EFCC /* Resources */ = {
			isa = PBXResourcesBuildPhase;
			buildActionMask = 2147483647;
			files = (
			);
			runOnlyForDeploymentPostprocessing = 0;
		};
/* End PBXResourcesBuildPhase section */

/* Begin PBXShellScriptBuildPhase section */
		E348A42D1D08BA91003D8024 /* ShellScript */ = {
			isa = PBXShellScriptBuildPhase;
			buildActionMask = 2147483647;
			files = (
			);
			inputPaths = (
			);
			outputPaths = (
			);
			runOnlyForDeploymentPostprocessing = 0;
			shellPath = /bin/sh;
			shellScript = "";
		};
/* End PBXShellScriptBuildPhase section */

/* Begin PBXSourcesBuildPhase section */
		0A72FC1C1D4081580041845B /* Sources */ = {
			isa = PBXSourcesBuildPhase;
			buildActionMask = 2147483647;
			files = (
				49A1982F1D62B358005C251A /* typealiases.swift in Sources */,
				0A72FC561D40819D0041845B /* Property.swift in Sources */,
				49F6DE391D972D70004B91B6 /* injectDependencies.swift in Sources */,
				0A72FC5F1D40819D0041845B /* EquatableClass.swift in Sources */,
				0A72FC5B1D40819D0041845B /* nil closures.swift in Sources */,
				497F568B1E3C494F0066CD1E /* UIColor.swift in Sources */,
				0A72FC6A1D40819D0041845B /* UIPageViewControllerDataSourceWithConnections.swift in Sources */,
				49B159551E39FD86003A0034 /* InitializableWithCloudKitRecordAndReferences.swift in Sources */,
				0A72FC531D40819D0041845B /* ….swift in Sources */,
				497F568E1E3C4BC40066CD1E /* CALayer.swift in Sources */,
				4993AD341DD99155007C7525 /* named subscripts.swift in Sources */,
				0A72FC6C1D40819D0041845B /* UIBarButtonItem.swift in Sources */,
				0A72FC451D40819D0041845B /* ConvertibleToSerializableDictionary.swift in Sources */,
				49EF28051D7D0E0E00993226 /* ViewControllerWithDependentOutlets.swift in Sources */,
				0A72FC6B1D40819D0041845B /* UIViewController.swift in Sources */,
				0A72FC4F1D40819D0041845B /* Sequence.swift in Sources */,
				0A72FC4E1D40819D0041845B /* Optional.swift in Sources */,
				0A72FC641D40819D0041845B /* reusableCells.swift in Sources */,
				0A72FC461D40819D0041845B /* CABasicAnimation.swift in Sources */,
				0A72FC5D1D40819D0041845B /* weakClosure.swift in Sources */,
				494A993C1E37261800F6A51D /* UITableView.swift in Sources */,
				0A72FC4B1D40819D0041845B /* Dictionary.swift in Sources */,
				0A72FC621D40819D0041845B /* MultiClosure.swift in Sources */,
				0A72FC491D40819D0041845B /* Array.swift in Sources */,
				0A72FC671D40819D0041845B /* UIButton.swift in Sources */,
				0A72FC5E1D40819D0041845B /* BitShiftable.swift in Sources */,
				0A72FC631D40819D0041845B /* Referencers.swift in Sources */,
				0A72FC4A1D40819D0041845B /* Bool.swift in Sources */,
				0A72FC681D40819D0041845B /* UILabel.swift in Sources */,
				496563B91DB65C31002B7623 /* keyValueSubscript.swift in Sources */,
				49269BCC1D58EE41007C52AE /* CKAsset.swift in Sources */,
				0A72FC441D40819D0041845B /* JSON.swift in Sources */,
				0A72FC4D1D40819D0041845B /* OptionSetType.swift in Sources */,
				49C526E31DB6D54A0036B020 /* CKModifyRecordsOperation.swift in Sources */,
				0A72FC581D40819D0041845B /* ObservedProperty.swift in Sources */,
				492634A01D877E2D00AD131D /* UIApplicationDelegate.swift in Sources */,
				49A6C95C1E47756300CF5FFB /* InitializableWithSerializableDictionary.swift in Sources */,
				0A72FC5A1D40819D0041845B /* getMethod.swift in Sources */,
				0A72FC591D40819D0041845B /* errors.swift in Sources */,
				0A72FC571D40819D0041845B /* ComputedProperty.swift in Sources */,
				499CA3391D4BF44C0049F0AB /* CKFetchRecordsOperation.swift in Sources */,
				0A72FC431D40819D0041845B /* UserDefaults+Setting.swift in Sources */,
				0A72FC611D40819D0041845B /* InitializableWithParameters.swift in Sources */,
				49FA036D1D82A43B0092026E /* SummableUsingInstanceZero.swift in Sources */,
				0A72FC501D40819D0041845B /* SetAlgebra.swift in Sources */,
				0A72FC3B1D40819D0041845B /* InitializableWithCloudKitRecord.swift in Sources */,
				4969F44C1E0E3D1C0005A4FA /* IndexPath.swift in Sources */,
				0A72FC661D40819D0041845B /* UIAlertController.swift in Sources */,
				0A72FC601D40819D0041845B /* HashableClass.swift in Sources */,
				0A72FC651D40819D0041845B /* UIAlertAction.swift in Sources */,
				0A72FC3A1D40819D0041845B /* CKRecord.swift in Sources */,
				0A72FC511D40819D0041845B /* String.swift in Sources */,
				0A72FC481D40819D0041845B /* integers.swift in Sources */,
				0A72FC391D40819D0041845B /* CKDatabase.swift in Sources */,
				49AC701F1E4761E500342DB3 /* PropertyListSerialization.swift in Sources */,
				0A72FC411D40819D0041845B /* CGSize.swift in Sources */,
				0A72FC521D40819D0041845B /* operators.swift in Sources */,
				49AC70221E476AEC00342DB3 /* PropertyList.swift in Sources */,
				497F56911E3C4C5D0066CD1E /* CATransform3D.swift in Sources */,
				0A72FC401D40819D0041845B /* CGRect.swift in Sources */,
				492404E61E39D438005BD973 /* CloudKitBackReferencer.swift in Sources */,
				49A6C9591E476D6700CF5FFB /* SerializableDictionary.swift in Sources */,
				497EFE8B1DB640DE00DEC825 /* ConvertibleToCloudKitRecord.swift in Sources */,
				497F569D1E3C55B50066CD1E /* CGPoint.swift in Sources */,
				0A72FC421D40819D0041845B /* FileInfo.swift in Sources */,
				492404E91E39F0E9005BD973 /* CloudKitBackReferenced.swift in Sources */,
				498B54C81D828CF300C07620 /* FloatingPoint.swift in Sources */,
				0A72FC4C1D40819D0041845B /* Equatable.swift in Sources */,
				0A72FC471D40819D0041845B /* CABasicAnimation.Values.swift in Sources */,
				494A99391E37253400F6A51D /* UICollectionView.swift in Sources */,
				497EFE8E1DB6472700DEC825 /* RawRepresentable.swift in Sources */,
			);
			runOnlyForDeploymentPostprocessing = 0;
		};
		49CBDFEC1C3329EF00E8EFCC /* Sources */ = {
			isa = PBXSourcesBuildPhase;
			buildActionMask = 2147483647;
			files = (
				49AC701E1E4761E500342DB3 /* PropertyListSerialization.swift in Sources */,
				497EFE8D1DB6472700DEC825 /* RawRepresentable.swift in Sources */,
				49A36BDA1D407C6200A4BFEB /* CKDatabase.swift in Sources */,
				49CBE0C11C332ADE00E8EFCC /* ….swift in Sources */,
				492404E81E39F0E9005BD973 /* CloudKitBackReferenced.swift in Sources */,
				49B182DD1C33807000529B08 /* Dictionary.swift in Sources */,
				E3A83B3B1D099C7B000D7B08 /* Property.swift in Sources */,
				49B182DC1C33807000529B08 /* Bool.swift in Sources */,
				4926349F1D877E2D00AD131D /* UIApplicationDelegate.swift in Sources */,
				497EFE8A1DB640DE00DEC825 /* ConvertibleToCloudKitRecord.swift in Sources */,
				497F568A1E3C494F0066CD1E /* UIColor.swift in Sources */,
				49B182DE1C33807000529B08 /* Equatable.swift in Sources */,
				49B182DF1C33807000529B08 /* integers.swift in Sources */,
				49C526E21DB6D54A0036B020 /* CKModifyRecordsOperation.swift in Sources */,
				49EF28041D7D0E0E00993226 /* ViewControllerWithDependentOutlets.swift in Sources */,
				49B182E01C33807000529B08 /* OptionSetType.swift in Sources */,
				49CBE0CC1C332ADE00E8EFCC /* UIButton.swift in Sources */,
				49B182DB1C33807000529B08 /* Array.swift in Sources */,
				498B54C71D828CF300C07620 /* FloatingPoint.swift in Sources */,
				49CBE0B01C332ADE00E8EFCC /* UserDefaults+Setting.swift in Sources */,
				49A1982E1D62B358005C251A /* typealiases.swift in Sources */,
				E348A4391D08CB03003D8024 /* ObservedProperty.swift in Sources */,
				4969F44B1E0E3D1C0005A4FA /* IndexPath.swift in Sources */,
				49CBE0AC1C332ADE00E8EFCC /* FileInfo.swift in Sources */,
				498880851D58BFB400AE24FC /* CKAsset.swift in Sources */,
				49CBE0B91C332ADE00E8EFCC /* HashableClass.swift in Sources */,
				49BF89901C38C8FD0050A49B /* InitializableWithParameters.swift in Sources */,
				492404E51E39D438005BD973 /* CloudKitBackReferencer.swift in Sources */,
				49CBE0B81C332ADE00E8EFCC /* EquatableClass.swift in Sources */,
				49F6DE381D972D70004B91B6 /* injectDependencies.swift in Sources */,
				E348A4331D08C0DE003D8024 /* CGSize.swift in Sources */,
				49B182E11C33807000529B08 /* Sequence.swift in Sources */,
				49CBE0CF1C332ADE00E8EFCC /* UILabel.swift in Sources */,
				49A6C9581E476D6700CF5FFB /* SerializableDictionary.swift in Sources */,
				49817E601D2CA99A0025A6CA /* errors.swift in Sources */,
				494A99381E37253400F6A51D /* UICollectionView.swift in Sources */,
				49CBE0BD1C332ADE00E8EFCC /* MultiClosure.swift in Sources */,
				49A36BDF1D407CD200A4BFEB /* CKRecord.swift in Sources */,
				497F56901E3C4C5D0066CD1E /* CATransform3D.swift in Sources */,
				49AC70211E476AEC00342DB3 /* PropertyList.swift in Sources */,
				494A993B1E37261800F6A51D /* UITableView.swift in Sources */,
				E348A4301D08C085003D8024 /* CGRect.swift in Sources */,
				49FD14F11CD91A940067F27E /* CABasicAnimation.swift in Sources */,
				49C4343A1C35DCF900B6C530 /* ComputedProperty.swift in Sources */,
				E3BE34041D0B2688008D532C /* JSON.swift in Sources */,
				E3BE340B1D0EF2A0008D532C /* weakClosure.swift in Sources */,
				49CBE0CB1C332ADE00E8EFCC /* UIAlertController.swift in Sources */,
				491278681CDD2EDC00AAFE7C /* UIBarButtonItem.swift in Sources */,
				49CBE0BE1C332ADE00E8EFCC /* nil closures.swift in Sources */,
				49DBA1E31CD940BF0058181A /* UIAlertAction.swift in Sources */,
				49A6C95B1E47756300CF5FFB /* InitializableWithSerializableDictionary.swift in Sources */,
				499CA3381D4BE4660049F0AB /* CKFetchRecordsOperation.swift in Sources */,
				49FA036C1D82A43B0092026E /* SummableUsingInstanceZero.swift in Sources */,
				E348A4371D08C1B0003D8024 /* getMethod.swift in Sources */,
				49CBE0D41C332ADE00E8EFCC /* UIViewController.swift in Sources */,
				49CBE0D11C332ADE00E8EFCC /* UIPageViewControllerDataSourceWithConnections.swift in Sources */,
				49A36BDD1D407CA200A4BFEB /* InitializableWithCloudKitRecord.swift in Sources */,
				49CBE0A61C332ADE00E8EFCC /* CNContainer.swift in Sources */,
				49CBE0BF1C332ADE00E8EFCC /* operators.swift in Sources */,
				49CBE0B21C332ADE00E8EFCC /* BitShiftable.swift in Sources */,
				49B182E31C33807000529B08 /* SetAlgebra.swift in Sources */,
				49CBE0CD1C332ADE00E8EFCC /* reusableCells.swift in Sources */,
				49FD14F41CD91C070067F27E /* CABasicAnimation.Values.swift in Sources */,
				49CBE0C41C332ADE00E8EFCC /* Referencers.swift in Sources */,
				498F6CC61D3EBA20006534BF /* ConvertibleToSerializableDictionary.swift in Sources */,
				4993AD331DD99155007C7525 /* named subscripts.swift in Sources */,
				496563B81DB65C31002B7623 /* keyValueSubscript.swift in Sources */,
				49B159541E39FD86003A0034 /* InitializableWithCloudKitRecordAndReferences.swift in Sources */,
				497F569C1E3C55B50066CD1E /* CGPoint.swift in Sources */,
				497F568D1E3C4BC40066CD1E /* CALayer.swift in Sources */,
				49B182E41C33807000529B08 /* String.swift in Sources */,
				E348A4351D08C146003D8024 /* Optional.swift in Sources */,
			);
			runOnlyForDeploymentPostprocessing = 0;
		};
		49CBDFF71C3329EF00E8EFCC /* Sources */ = {
			isa = PBXSourcesBuildPhase;
			buildActionMask = 2147483647;
			files = (
				0A5F8A711DB6527D00285094 /* CKRecordTestCase.swift in Sources */,
				49E4AD121C45ABD4007BCBA5 /* UIButtonTestCase.swift in Sources */,
				49817E621D2CAE0B0025A6CA /* errorsTestCase.swift in Sources */,
				49C4342F1C34D73400B6C530 /* SetAlgebraTypeTestCase.swift in Sources */,
				49FCF0741C34D06E005338F6 /* SetTestCase.swift in Sources */,
				497190C91DDA3EA1009FD361 /* UIPageViewControllerDataSourceWithConnectedViewControllersTestCase.swift in Sources */,
				49C4343C1C35E10900B6C530 /* PropertiesTestCase.swift in Sources */,
				49C526E71DB6DA4A0036B020 /* CKModifyRecordsOperationTestCase.swift in Sources */,
				4969F44E1E0E40D40005A4FA /* IndexPathTestCase.swift in Sources */,
				49FCA3A71E3758650018B5EF /* UICollectionViewTestCase.swift in Sources */,
				496BFBBE1C3A37A6006E6CC4 /* EquatableTestCase.swift in Sources */,
				49FCF0721C34CDB4005338F6 /* IntegersTestCase.swift in Sources */,
				4966E4CF1E3C5AA300199496 /* CGPointTestCase.swift in Sources */,
				49B182E71C33839900529B08 /* ArrayTestCase.swift in Sources */,
				49BF898E1C3878EB0050A49B /* MultiClosureTestCase.swift in Sources */,
				49C434331C34F02700B6C530 /* StringTestCase.swift in Sources */,
				49C434701C37613900B6C530 /* ReferencersTestCase.swift in Sources */,
				0A8DEF851C48993B00DF1CF7 /* SequenceTestCase.swift in Sources */,
				498B54CA1D828D1C00C07620 /* FloatingPointTestCase.swift in Sources */,
				4969F4501E0E4CCE0005A4FA /* NamedSubscriptTestCase.swift in Sources */,
				49AE426B1D10CE010013301A /* …TestCase.swift in Sources */,
				49C434741C379F0000B6C530 /* NilClosuresTestCase.swift in Sources */,
				49A4861E1D09184B00A55CCD /* OptionalTestCase.swift in Sources */,
				497F569A1E3C52690066CD1E /* UIColorTestCase.swift in Sources */,
				49817E5E1D2C9BD20025A6CA /* getMethodTestCase.swift in Sources */,
				0A6793351D8315720098D1E7 /* MeasurementTestCase.swift in Sources */,
				49FD14F71CD91D470067F27E /* CABasicAnimationTestCase.swift in Sources */,
				498F6CCA1D3EBC20006534BF /* ConvertibleToSerializableDictionaryTestCase.swift in Sources */,
				499C71961D0F8079009797BC /* MakeGetTestCase.swift in Sources */,
				499C71921D0F7636009797BC /* SerializableDictionaryTestCase.swift in Sources */,
				499C71941D0F7E94009797BC /* CGSizeTestCase.swift in Sources */,
				49B182E91C338D6900529B08 /* BoolTestCase.swift in Sources */,
				49C526E91DB6E8C50036B020 /* CKDatabaseTestCase.swift in Sources */,
				49A4861C1D09132500A55CCD /* CGRectTestCase.swift in Sources */,
				4976CB291C497F8E00F60E36 /* DictionaryTestCase.swift in Sources */,
				49FCA3A91E375D9A0018B5EF /* UITableViewTestCase.swift in Sources */,
				49C434311C34DCD400B6C530 /* OptionSetTestCase.swift in Sources */,
				4966E4D11E3C5C0700199496 /* CALayerTestCase.swift in Sources */,
				497EFE901DB6476E00DEC825 /* RawRepresentableTestCase.swift in Sources */,
			);
			runOnlyForDeploymentPostprocessing = 0;
		};
/* End PBXSourcesBuildPhase section */

/* Begin PBXTargetDependency section */
		49CBDFFE1C3329EF00E8EFCC /* PBXTargetDependency */ = {
			isa = PBXTargetDependency;
			target = 49CBDFF01C3329EF00E8EFCC /* HemiprocneMystacea */;
			targetProxy = 49CBDFFD1C3329EF00E8EFCC /* PBXContainerItemProxy */;
		};
/* End PBXTargetDependency section */

/* Begin XCBuildConfiguration section */
		0A72FC321D4081580041845B /* Debug */ = {
			isa = XCBuildConfiguration;
			buildSettings = {
				CLANG_ANALYZER_NONNULL = YES;
				CLANG_WARN_DOCUMENTATION_COMMENTS = YES;
				"CODE_SIGN_IDENTITY[sdk=appletvos*]" = "";
				DEFINES_MODULE = YES;
				DYLIB_COMPATIBILITY_VERSION = 1;
				DYLIB_CURRENT_VERSION = 1;
				DYLIB_INSTALL_NAME_BASE = "@rpath";
				INFOPLIST_FILE = HemiprocneMystaceaTV/Info.plist;
				INSTALL_PATH = "$(LOCAL_LIBRARY_DIR)/Frameworks";
				LD_RUNPATH_SEARCH_PATHS = "$(inherited) @executable_path/Frameworks @loader_path/Frameworks";
				PRODUCT_BUNDLE_IDENTIFIER = com.catterwaul.HemiprocneMystaceaTV;
				PRODUCT_NAME = HM;
				SDKROOT = appletvos;
				SKIP_INSTALL = YES;
				SWIFT_ACTIVE_COMPILATION_CONDITIONS = DEBUG;
				SWIFT_VERSION = 3.0;
				TARGETED_DEVICE_FAMILY = 3;
				TVOS_DEPLOYMENT_TARGET = 10.1;
			};
			name = Debug;
		};
		0A72FC331D4081580041845B /* Release */ = {
			isa = XCBuildConfiguration;
			buildSettings = {
				CLANG_ANALYZER_NONNULL = YES;
				CLANG_WARN_DOCUMENTATION_COMMENTS = YES;
				"CODE_SIGN_IDENTITY[sdk=appletvos*]" = "";
				DEFINES_MODULE = YES;
				DYLIB_COMPATIBILITY_VERSION = 1;
				DYLIB_CURRENT_VERSION = 1;
				DYLIB_INSTALL_NAME_BASE = "@rpath";
				INFOPLIST_FILE = HemiprocneMystaceaTV/Info.plist;
				INSTALL_PATH = "$(LOCAL_LIBRARY_DIR)/Frameworks";
				LD_RUNPATH_SEARCH_PATHS = "$(inherited) @executable_path/Frameworks @loader_path/Frameworks";
				PRODUCT_BUNDLE_IDENTIFIER = com.catterwaul.HemiprocneMystaceaTV;
				PRODUCT_NAME = HM;
				SDKROOT = appletvos;
				SKIP_INSTALL = YES;
				SWIFT_OPTIMIZATION_LEVEL = "-Owholemodule";
				SWIFT_VERSION = 3.0;
				TARGETED_DEVICE_FAMILY = 3;
				TVOS_DEPLOYMENT_TARGET = 10.1;
			};
			name = Release;
		};
		49CBE0031C3329EF00E8EFCC /* Debug */ = {
			isa = XCBuildConfiguration;
			buildSettings = {
				ALWAYS_SEARCH_USER_PATHS = NO;
				CLANG_CXX_LANGUAGE_STANDARD = "gnu++0x";
				CLANG_CXX_LIBRARY = "libc++";
				CLANG_ENABLE_MODULES = YES;
				CLANG_ENABLE_OBJC_ARC = YES;
				CLANG_WARN_BOOL_CONVERSION = YES;
				CLANG_WARN_CONSTANT_CONVERSION = YES;
				CLANG_WARN_DIRECT_OBJC_ISA_USAGE = YES_ERROR;
				CLANG_WARN_EMPTY_BODY = YES;
				CLANG_WARN_ENUM_CONVERSION = YES;
				CLANG_WARN_INFINITE_RECURSION = YES;
				CLANG_WARN_INT_CONVERSION = YES;
				CLANG_WARN_OBJC_ROOT_CLASS = YES_ERROR;
				CLANG_WARN_SUSPICIOUS_MOVE = YES;
				CLANG_WARN_UNREACHABLE_CODE = YES;
				CLANG_WARN__DUPLICATE_METHOD_MATCH = YES;
				"CODE_SIGN_IDENTITY[sdk=iphoneos*]" = "iPhone Developer";
				COPY_PHASE_STRIP = NO;
				CURRENT_PROJECT_VERSION = 1;
				DEBUG_INFORMATION_FORMAT = dwarf;
				ENABLE_STRICT_OBJC_MSGSEND = YES;
				ENABLE_TESTABILITY = YES;
				GCC_C_LANGUAGE_STANDARD = gnu99;
				GCC_DYNAMIC_NO_PIC = NO;
				GCC_NO_COMMON_BLOCKS = YES;
				GCC_OPTIMIZATION_LEVEL = 0;
				GCC_PREPROCESSOR_DEFINITIONS = (
					"DEBUG=1",
					"$(inherited)",
				);
				GCC_WARN_64_TO_32_BIT_CONVERSION = YES;
				GCC_WARN_ABOUT_RETURN_TYPE = YES_ERROR;
				GCC_WARN_UNDECLARED_SELECTOR = YES;
				GCC_WARN_UNINITIALIZED_AUTOS = YES_AGGRESSIVE;
				GCC_WARN_UNUSED_FUNCTION = YES;
				GCC_WARN_UNUSED_VARIABLE = YES;
				IPHONEOS_DEPLOYMENT_TARGET = 10.0;
				MTL_ENABLE_DEBUG_INFO = YES;
				ONLY_ACTIVE_ARCH = YES;
				SDKROOT = iphoneos;
				SWIFT_OPTIMIZATION_LEVEL = "-Onone";
				TARGETED_DEVICE_FAMILY = "1,2";
				VERSIONING_SYSTEM = "apple-generic";
				VERSION_INFO_PREFIX = "";
			};
			name = Debug;
		};
		49CBE0041C3329EF00E8EFCC /* Release */ = {
			isa = XCBuildConfiguration;
			buildSettings = {
				ALWAYS_SEARCH_USER_PATHS = NO;
				CLANG_CXX_LANGUAGE_STANDARD = "gnu++0x";
				CLANG_CXX_LIBRARY = "libc++";
				CLANG_ENABLE_MODULES = YES;
				CLANG_ENABLE_OBJC_ARC = YES;
				CLANG_WARN_BOOL_CONVERSION = YES;
				CLANG_WARN_CONSTANT_CONVERSION = YES;
				CLANG_WARN_DIRECT_OBJC_ISA_USAGE = YES_ERROR;
				CLANG_WARN_EMPTY_BODY = YES;
				CLANG_WARN_ENUM_CONVERSION = YES;
				CLANG_WARN_INFINITE_RECURSION = YES;
				CLANG_WARN_INT_CONVERSION = YES;
				CLANG_WARN_OBJC_ROOT_CLASS = YES_ERROR;
				CLANG_WARN_SUSPICIOUS_MOVE = YES;
				CLANG_WARN_UNREACHABLE_CODE = YES;
				CLANG_WARN__DUPLICATE_METHOD_MATCH = YES;
				"CODE_SIGN_IDENTITY[sdk=iphoneos*]" = "iPhone Developer";
				COPY_PHASE_STRIP = NO;
				CURRENT_PROJECT_VERSION = 1;
				DEBUG_INFORMATION_FORMAT = "dwarf-with-dsym";
				ENABLE_NS_ASSERTIONS = NO;
				ENABLE_STRICT_OBJC_MSGSEND = YES;
				GCC_C_LANGUAGE_STANDARD = gnu99;
				GCC_NO_COMMON_BLOCKS = YES;
				GCC_WARN_64_TO_32_BIT_CONVERSION = YES;
				GCC_WARN_ABOUT_RETURN_TYPE = YES_ERROR;
				GCC_WARN_UNDECLARED_SELECTOR = YES;
				GCC_WARN_UNINITIALIZED_AUTOS = YES_AGGRESSIVE;
				GCC_WARN_UNUSED_FUNCTION = YES;
				GCC_WARN_UNUSED_VARIABLE = YES;
				IPHONEOS_DEPLOYMENT_TARGET = 10.0;
				MTL_ENABLE_DEBUG_INFO = NO;
				SDKROOT = iphoneos;
				TARGETED_DEVICE_FAMILY = "1,2";
				VALIDATE_PRODUCT = YES;
				VERSIONING_SYSTEM = "apple-generic";
				VERSION_INFO_PREFIX = "";
			};
			name = Release;
		};
		49CBE0061C3329EF00E8EFCC /* Debug */ = {
			isa = XCBuildConfiguration;
			buildSettings = {
				"CODE_SIGN_IDENTITY[sdk=iphoneos*]" = "";
				DEFINES_MODULE = YES;
				DYLIB_COMPATIBILITY_VERSION = 1;
				DYLIB_CURRENT_VERSION = 1;
				DYLIB_INSTALL_NAME_BASE = "@rpath";
				INFOPLIST_FILE = HemiprocneMystacea/Info.plist;
				INSTALL_PATH = "$(LOCAL_LIBRARY_DIR)/Frameworks";
				IPHONEOS_DEPLOYMENT_TARGET = 10.2;
				LD_RUNPATH_SEARCH_PATHS = "$(inherited) @executable_path/Frameworks @loader_path/Frameworks";
				PRODUCT_BUNDLE_IDENTIFIER = com.catterwaul.HemiprocneMystacea;
				PRODUCT_NAME = HM;
				SKIP_INSTALL = YES;
				SWIFT_VERSION = 3.0;
			};
			name = Debug;
		};
		49CBE0071C3329EF00E8EFCC /* Release */ = {
			isa = XCBuildConfiguration;
			buildSettings = {
				"CODE_SIGN_IDENTITY[sdk=iphoneos*]" = "";
				DEFINES_MODULE = YES;
				DYLIB_COMPATIBILITY_VERSION = 1;
				DYLIB_CURRENT_VERSION = 1;
				DYLIB_INSTALL_NAME_BASE = "@rpath";
				INFOPLIST_FILE = HemiprocneMystacea/Info.plist;
				INSTALL_PATH = "$(LOCAL_LIBRARY_DIR)/Frameworks";
				IPHONEOS_DEPLOYMENT_TARGET = 10.2;
				LD_RUNPATH_SEARCH_PATHS = "$(inherited) @executable_path/Frameworks @loader_path/Frameworks";
				PRODUCT_BUNDLE_IDENTIFIER = com.catterwaul.HemiprocneMystacea;
				PRODUCT_NAME = HM;
				SKIP_INSTALL = YES;
				SWIFT_OPTIMIZATION_LEVEL = "-Owholemodule";
				SWIFT_VERSION = 3.0;
			};
			name = Release;
		};
		49CBE0091C3329EF00E8EFCC /* Debug */ = {
			isa = XCBuildConfiguration;
			buildSettings = {
				CLANG_ENABLE_MODULES = YES;
				INFOPLIST_FILE = HemiprocneMystaceaTests/Info.plist;
				IPHONEOS_DEPLOYMENT_TARGET = 10.2;
				LD_RUNPATH_SEARCH_PATHS = "$(inherited) @executable_path/Frameworks @loader_path/Frameworks";
				PRODUCT_BUNDLE_IDENTIFIER = com.catterwaul.HemiprocneMystaceaTests;
				PRODUCT_NAME = "$(TARGET_NAME)";
				SWIFT_OPTIMIZATION_LEVEL = "-Onone";
				SWIFT_VERSION = 3.0;
			};
			name = Debug;
		};
		49CBE00A1C3329EF00E8EFCC /* Release */ = {
			isa = XCBuildConfiguration;
			buildSettings = {
				CLANG_ENABLE_MODULES = YES;
				INFOPLIST_FILE = HemiprocneMystaceaTests/Info.plist;
				IPHONEOS_DEPLOYMENT_TARGET = 10.2;
				LD_RUNPATH_SEARCH_PATHS = "$(inherited) @executable_path/Frameworks @loader_path/Frameworks";
				PRODUCT_BUNDLE_IDENTIFIER = com.catterwaul.HemiprocneMystaceaTests;
				PRODUCT_NAME = "$(TARGET_NAME)";
				SWIFT_OPTIMIZATION_LEVEL = "-Owholemodule";
				SWIFT_VERSION = 3.0;
			};
			name = Release;
		};
/* End XCBuildConfiguration section */

/* Begin XCConfigurationList section */
		0A72FC361D4081580041845B /* Build configuration list for PBXNativeTarget "HemiprocneMystaceaTV" */ = {
			isa = XCConfigurationList;
			buildConfigurations = (
				0A72FC321D4081580041845B /* Debug */,
				0A72FC331D4081580041845B /* Release */,
			);
			defaultConfigurationIsVisible = 0;
			defaultConfigurationName = Release;
		};
		49CBDFEB1C3329EF00E8EFCC /* Build configuration list for PBXProject "HemiprocneMystacea" */ = {
			isa = XCConfigurationList;
			buildConfigurations = (
				49CBE0031C3329EF00E8EFCC /* Debug */,
				49CBE0041C3329EF00E8EFCC /* Release */,
			);
			defaultConfigurationIsVisible = 0;
			defaultConfigurationName = Release;
		};
		49CBE0051C3329EF00E8EFCC /* Build configuration list for PBXNativeTarget "HemiprocneMystacea" */ = {
			isa = XCConfigurationList;
			buildConfigurations = (
				49CBE0061C3329EF00E8EFCC /* Debug */,
				49CBE0071C3329EF00E8EFCC /* Release */,
			);
			defaultConfigurationIsVisible = 0;
			defaultConfigurationName = Release;
		};
		49CBE0081C3329EF00E8EFCC /* Build configuration list for PBXNativeTarget "HemiprocneMystaceaTests" */ = {
			isa = XCConfigurationList;
			buildConfigurations = (
				49CBE0091C3329EF00E8EFCC /* Debug */,
				49CBE00A1C3329EF00E8EFCC /* Release */,
			);
			defaultConfigurationIsVisible = 0;
			defaultConfigurationName = Release;
		};
/* End XCConfigurationList section */
	};
	rootObject = 49CBDFE81C3329EF00E8EFCC /* Project object */;
}
